<?xml version="1.0" encoding="utf-8"?>
<Project ToolsVersion="4.0" xmlns="http://schemas.microsoft.com/developer/msbuild/2003">
  <ItemGroup>
    <ClCompile Include="..\..\3rd\Simd\src\Simd\SimdVsxHog.cpp">
      <Filter>Vsx</Filter>
    </ClCompile>
    <ClCompile Include="..\..\3rd\Simd\src\Simd\SimdVsxNeural.cpp">
      <Filter>Vsx</Filter>
    </ClCompile>
    <ClCompile Include="..\..\3rd\Simd\src\Simd\SimdVsxSquaredDifferenceSum.cpp">
      <Filter>Vsx</Filter>
    </ClCompile>
    <ClCompile Include="..\..\3rd\Simd\src\Simd\SimdVsxSvm.cpp">
      <Filter>Vsx</Filter>
    </ClCompile>
    <ClCompile Include="..\..\3rd\Simd\src\Simd\SimdVsxYuvToHue.cpp">
      <Filter>Vsx</Filter>
    </ClCompile>
  </ItemGroup>
  <ItemGroup>
    <ClInclude Include="..\..\3rd\Simd\src\Simd\SimdVsx.h">
      <Filter>Vsx</Filter>
    </ClInclude>
    <ClInclude Include="..\..\3rd\Simd\src\Simd\SimdArray.h">
      <Filter>Inc</Filter>
    </ClInclude>
    <ClInclude Include="..\..\3rd\Simd\src\Simd\SimdBase.h">
      <Filter>Inc</Filter>
    </ClInclude>
    <ClInclude Include="..\..\3rd\Simd\src\Simd\SimdConfig.h">
      <Filter>Inc</Filter>
    </ClInclude>
    <ClInclude Include="..\..\3rd\Simd\src\Simd\SimdConst.h">
      <Filter>Inc</Filter>
    </ClInclude>
    <ClInclude Include="..\..\3rd\Simd\src\Simd\SimdConversion.h">
      <Filter>Inc</Filter>
    </ClInclude>
    <ClInclude Include="..\..\3rd\Simd\src\Simd\SimdDefs.h">
      <Filter>Inc</Filter>
    </ClInclude>
    <ClInclude Include="..\..\3rd\Simd\src\Simd\SimdExtract.h">
      <Filter>Inc</Filter>
    </ClInclude>
    <ClInclude Include="..\..\3rd\Simd\src\Simd\SimdInit.h">
      <Filter>Inc</Filter>
    </ClInclude>
    <ClInclude Include="..\..\3rd\Simd\src\Simd\SimdLib.h">
      <Filter>Inc</Filter>
    </ClInclude>
    <ClInclude Include="..\..\3rd\Simd\src\Simd\SimdLoad.h">
      <Filter>Inc</Filter>
    </ClInclude>
    <ClInclude Include="..\..\3rd\Simd\src\Simd\SimdLog.h">
      <Filter>Inc</Filter>
    </ClInclude>
    <ClInclude Include="..\..\3rd\Simd\src\Simd\SimdMath.h">
      <Filter>Inc</Filter>
    </ClInclude>
    <ClInclude Include="..\..\3rd\Simd\src\Simd\SimdMemory.h">
      <Filter>Inc</Filter>
    </ClInclude>
    <ClInclude Include="..\..\3rd\Simd\src\Simd\SimdSet.h">
      <Filter>Inc</Filter>
    </ClInclude>
    <ClInclude Include="..\..\3rd\Simd\src\Simd\SimdStore.h">
      <Filter>Inc</Filter>
    </ClInclude>
  </ItemGroup>
  <ItemGroup>
    <Filter Include="Vsx">
      <UniqueIdentifier>{7ffc695c-2ab7-4225-b69e-8d4ae3fe3b2c}</UniqueIdentifier>
    </Filter>
    <Filter Include="Inc">
      <UniqueIdentifier>{0996852c-0163-4037-bea2-3f36d46d1e3a}</UniqueIdentifier>
    </Filter>
  </ItemGroup>
</Project>