<?xml version="1.0" encoding="utf-8"?>
<Project ToolsVersion="4.0" xmlns="http://schemas.microsoft.com/developer/msbuild/2003">
  <ItemGroup>
    <ClCompile Include="..\..\src\Cvt\Deoptimizer\Deoptimizer.cpp">
      <Filter>Deoptimizer</Filter>
    </ClCompile>
    <ClCompile Include="..\..\src\Cvt\Optimizer\Optimizer.cpp">
      <Filter>Optimizer</Filter>
    </ClCompile>
    <ClCompile Include="..\..\src\Cvt\InferenceEngine\InferenceEngine.cpp">
      <Filter>InferenceEngine</Filter>
    </ClCompile>
    <ClCompile Include="..\..\src\Cvt\Optimizer\MergeQuantized.cpp">
      <Filter>Optimizer</Filter>
    </ClCompile>
    <ClCompile Include="..\..\src\Cvt\Optimizer\MergeScale.cpp">
      <Filter>Optimizer</Filter>
    </ClCompile>
    <ClCompile Include="..\..\src\Cvt\Optimizer\MergeConvolution.cpp">
      <Filter>Optimizer</Filter>
    </ClCompile>
    <ClCompile Include="..\..\src\Cvt\Optimizer\MergeActivation.cpp">
      <Filter>Optimizer</Filter>
    </ClCompile>
    <ClCompile Include="..\..\src\Cvt\Optimizer\MergeSqueezeExcitation.cpp">
      <Filter>Optimizer</Filter>
    </ClCompile>
  </ItemGroup>
  <ItemGroup>
    <ClInclude Include="..\..\src\Cvt\Common\Params.h">
      <Filter>Common</Filter>
    </ClInclude>
    <ClInclude Include="..\..\src\Cvt\Common\SynetUtils.h">
      <Filter>Common</Filter>
    </ClInclude>
    <ClInclude Include="..\..\src\Cvt\Deoptimizer\Deoptimizer.h">
      <Filter>Deoptimizer</Filter>
    </ClInclude>
    <ClInclude Include="..\..\src\Cvt\Optimizer\Bf16OptSetter.h">
      <Filter>Optimizer</Filter>
    </ClInclude>
    <ClInclude Include="..\..\src\Cvt\Optimizer\Optimizer.h">
      <Filter>Optimizer</Filter>
    </ClInclude>
    <ClInclude Include="..\..\src\Cvt\InferenceEngine\InferenceEngine.h">
      <Filter>InferenceEngine</Filter>
    </ClInclude>
    <ClInclude Include="..\..\src\Cvt\InferenceEngine\InferenceEngineBase.h">
      <Filter>InferenceEngine</Filter>
    </ClInclude>
    <ClInclude Include="..\..\src\Cvt\InferenceEngine\InferenceEngineV10.h">
      <Filter>InferenceEngine</Filter>
    </ClInclude>
    <ClInclude Include="..\..\src\Cvt\Optimizer\Common.h">
      <Filter>Optimizer</Filter>
    </ClInclude>
  </ItemGroup>
  <ItemGroup>
    <Filter Include="Common">
      <UniqueIdentifier>{eb69be5d-8c06-43c5-9f7e-7b515d6ee961}</UniqueIdentifier>
    </Filter>
    <Filter Include="Deoptimizer">
      <UniqueIdentifier>{e45d96c4-a871-4411-bd89-83af13c8c263}</UniqueIdentifier>
    </Filter>
    <Filter Include="Optimizer">
      <UniqueIdentifier>{5b89448e-4370-4e41-9e2c-5f064189e8e4}</UniqueIdentifier>
    </Filter>
    <Filter Include="InferenceEngine">
      <UniqueIdentifier>{ba55f2e2-6f63-495d-842d-c8821e77631e}</UniqueIdentifier>
    </Filter>
  </ItemGroup>
</Project>