<?xml version="1.0" encoding="utf-8"?>
<Project ToolsVersion="4.0" xmlns="http://schemas.microsoft.com/developer/msbuild/2003">
  <ItemGroup>
    <ClCompile Include="..\..\src\Cvt\Deoptimizer\Deoptimizer.cpp">
      <Filter>Deoptimizer</Filter>
    </ClCompile>
    <ClCompile Include="..\..\src\Cvt\Optimizer\Optimizer.cpp">
      <Filter>Optimizer</Filter>
    </ClCompile>
    <ClCompile Include="..\..\src\Cvt\InferenceEngine\InferenceEngine.cpp">
      <Filter>InferenceEngine</Filter>
    </ClCompile>
    <ClCompile Include="..\..\src\Cvt\Optimizer\MergeOtherAndQuantizeLinear.cpp">
      <Filter>Optimizer\O</Filter>
    </ClCompile>
    <ClCompile Include="..\..\src\Cvt\Optimizer\MergeConcatedParallelConvolutions.cpp">
      <Filter>Optimizer\C</Filter>
    </ClCompile>
    <ClCompile Include="..\..\src\Cvt\Optimizer\MergeQuantizedAdd.cpp">
      <Filter>Optimizer\Q</Filter>
    </ClCompile>
    <ClCompile Include="..\..\src\Cvt\Optimizer\MergeQuantizedConvolutionAndQuantizedActivation.cpp">
      <Filter>Optimizer\Q</Filter>
    </ClCompile>
    <ClCompile Include="..\..\src\Cvt\Optimizer\MergeQuantizedHardSigmoid.cpp">
      <Filter>Optimizer\Q</Filter>
    </ClCompile>
    <ClCompile Include="..\..\src\Cvt\Optimizer\MergeQuantizedHswish.cpp">
      <Filter>Optimizer\Q</Filter>
    </ClCompile>
    <ClCompile Include="..\..\src\Cvt\Optimizer\MergeQuantizedMul.cpp">
      <Filter>Optimizer\Q</Filter>
    </ClCompile>
    <ClCompile Include="..\..\src\Cvt\Optimizer\MergeQuantizedPrelu.cpp">
      <Filter>Optimizer\Q</Filter>
    </ClCompile>
    <ClCompile Include="..\..\src\Cvt\Optimizer\MergeQuantizedScale.cpp">
      <Filter>Optimizer\Q</Filter>
    </ClCompile>
    <ClCompile Include="..\..\src\Cvt\Optimizer\MergeQuantizedShuffle.cpp">
      <Filter>Optimizer\Q</Filter>
    </ClCompile>
    <ClCompile Include="..\..\src\Cvt\Optimizer\MergeQuantizedSqueezeExcitation.cpp">
      <Filter>Optimizer\Q</Filter>
    </ClCompile>
    <ClCompile Include="..\..\src\Cvt\Optimizer\MergeSqueezeExcitation.cpp">
      <Filter>Optimizer\S</Filter>
    </ClCompile>
    <ClCompile Include="..\..\src\Cvt\Optimizer\MergeInnerProductAndScale.cpp">
      <Filter>Optimizer\I</Filter>
    </ClCompile>
    <ClCompile Include="..\..\src\Cvt\Optimizer\MergeConvolutionAndScale.cpp">
      <Filter>Optimizer\C</Filter>
    </ClCompile>
    <ClCompile Include="..\..\src\Cvt\Optimizer\MergeBiasAndScale.cpp">
      <Filter>Optimizer\B</Filter>
    </ClCompile>
    <ClCompile Include="..\..\src\Cvt\Optimizer\MergeConvolutionAndPower.cpp">
      <Filter>Optimizer\C</Filter>
    </ClCompile>
    <ClCompile Include="..\..\src\Cvt\Optimizer\MergeCurrentAndBias.cpp">
      <Filter>Optimizer\C</Filter>
    </ClCompile>
    <ClCompile Include="..\..\src\Cvt\Optimizer\MergeConvolutionOrOtherAndActivation.cpp">
      <Filter>Optimizer\C</Filter>
    </ClCompile>
    <ClCompile Include="..\..\src\Cvt\Optimizer\MergeInnerProductAndPower.cpp">
      <Filter>Optimizer\I</Filter>
    </ClCompile>
    <ClCompile Include="..\..\src\Cvt\Optimizer\MergePowerAndScaleAndPower.cpp">
      <Filter>Optimizer\P</Filter>
    </ClCompile>
    <ClCompile Include="..\..\src\Cvt\Optimizer\MergePermute.cpp">
      <Filter>Optimizer\P</Filter>
    </ClCompile>
    <ClCompile Include="..\..\src\Cvt\Optimizer\MergePooling.cpp">
      <Filter>Optimizer\P</Filter>
    </ClCompile>
    <ClCompile Include="..\..\src\Cvt\Optimizer\MergePrelu.cpp">
      <Filter>Optimizer\P</Filter>
    </ClCompile>
    <ClCompile Include="..\..\src\Cvt\Optimizer\MergeParallelConvolutions.cpp">
      <Filter>Optimizer\P</Filter>
    </ClCompile>
    <ClCompile Include="..\..\src\Cvt\Optimizer\MergeParallelDepthwiseConvolutions.cpp">
      <Filter>Optimizer\P</Filter>
    </ClCompile>
    <ClCompile Include="..\..\src\Cvt\Optimizer\MergeParallelScaleAndDepthwiseConvolution.cpp">
      <Filter>Optimizer\P</Filter>
    </ClCompile>
    <ClCompile Include="..\..\src\Cvt\Optimizer\MergeShuffle.cpp">
      <Filter>Optimizer\S</Filter>
    </ClCompile>
    <ClCompile Include="..\..\src\Cvt\Optimizer\MergeSoftmax.cpp">
      <Filter>Optimizer\S</Filter>
    </ClCompile>
    <ClCompile Include="..\..\src\Cvt\Optimizer\MergeScale.cpp">
      <Filter>Optimizer\S</Filter>
    </ClCompile>
    <ClCompile Include="..\..\src\Cvt\Optimizer\MergeSpaceToDepth.cpp">
      <Filter>Optimizer\S</Filter>
    </ClCompile>
    <ClCompile Include="..\..\src\Cvt\Optimizer\MergeSwish.cpp">
      <Filter>Optimizer\S</Filter>
    </ClCompile>
    <ClCompile Include="..\..\src\Cvt\Optimizer\MergeNormalize.cpp">
      <Filter>Optimizer\N</Filter>
    </ClCompile>
    <ClCompile Include="..\..\src\Cvt\Optimizer\MergeRnnGruBd.cpp">
      <Filter>Optimizer\R</Filter>
    </ClCompile>
    <ClCompile Include="..\..\src\Cvt\Optimizer\ReduceTensorIteratorIO.cpp">
      <Filter>Optimizer\R</Filter>
    </ClCompile>
    <ClCompile Include="..\..\src\Cvt\Optimizer\SkipTwoPermutes.cpp">
      <Filter>Optimizer\S</Filter>
    </ClCompile>
    <ClCompile Include="..\..\src\Cvt\Optimizer\SkipUnnecessaryDequantize.cpp">
      <Filter>Optimizer\S</Filter>
    </ClCompile>
    <ClCompile Include="..\..\src\Cvt\Optimizer\SkipUnnecessaryDequantizeQuantize.cpp">
      <Filter>Optimizer\S</Filter>
    </ClCompile>
    <ClCompile Include="..\..\src\Cvt\Optimizer\SimplifyInterp.cpp">
      <Filter>Optimizer\S</Filter>
    </ClCompile>
    <ClCompile Include="..\..\src\Cvt\Optimizer\TransposeInnerProduct.cpp">
      <Filter>Optimizer\T</Filter>
    </ClCompile>
    <ClCompile Include="..\..\src\Cvt\Optimizer\TransposeConvolutions.cpp">
      <Filter>Optimizer\T</Filter>
    </ClCompile>
    <ClCompile Include="..\..\src\Cvt\Optimizer\MergeTiledScale2D.cpp">
      <Filter>Optimizer\T</Filter>
    </ClCompile>
    <ClCompile Include="..\..\src\Cvt\Optimizer\MergeThreeConvolutions.cpp">
      <Filter>Optimizer\T</Filter>
    </ClCompile>
    <ClCompile Include="..\..\src\Cvt\Optimizer\MergeTwoConvolutions.cpp">
      <Filter>Optimizer\T</Filter>
    </ClCompile>
    <ClCompile Include="..\..\src\Cvt\Optimizer\MergeThreeQuantizedConvolutions.cpp">
      <Filter>Optimizer\T</Filter>
    </ClCompile>
    <ClCompile Include="..\..\src\Cvt\Optimizer\MergeTwoQuantizedConvolutions.cpp">
      <Filter>Optimizer\T</Filter>
    </ClCompile>
    <ClCompile Include="..\..\src\Cvt\Optimizer\MergeUnpack.cpp">
      <Filter>Optimizer\U</Filter>
    </ClCompile>
    <ClCompile Include="..\..\src\Cvt\Optimizer\MergeYoloV7.cpp">
      <Filter>Optimizer\Y</Filter>
    </ClCompile>
    <ClCompile Include="..\..\src\Cvt\Optimizer\MergeGelu.cpp">
      <Filter>Optimizer\G</Filter>
    </ClCompile>
    <ClCompile Include="..\..\src\Cvt\Optimizer\MergeHswish.cpp">
      <Filter>Optimizer\H</Filter>
    </ClCompile>
    <ClCompile Include="..\..\src\Cvt\Optimizer\MergeMish.cpp">
      <Filter>Optimizer\M</Filter>
    </ClCompile>
  </ItemGroup>
  <ItemGroup>
    <ClInclude Include="..\..\src\Cvt\Common\Params.h">
      <Filter>Common</Filter>
    </ClInclude>
    <ClInclude Include="..\..\src\Cvt\Common\SynetUtils.h">
      <Filter>Common</Filter>
    </ClInclude>
    <ClInclude Include="..\..\src\Cvt\Deoptimizer\Deoptimizer.h">
      <Filter>Deoptimizer</Filter>
    </ClInclude>
    <ClInclude Include="..\..\src\Cvt\Optimizer\Bf16OptSetter.h">
      <Filter>Optimizer</Filter>
    </ClInclude>
    <ClInclude Include="..\..\src\Cvt\Optimizer\Optimizer.h">
      <Filter>Optimizer</Filter>
    </ClInclude>
    <ClInclude Include="..\..\src\Cvt\InferenceEngine\InferenceEngine.h">
      <Filter>InferenceEngine</Filter>
    </ClInclude>
    <ClInclude Include="..\..\src\Cvt\InferenceEngine\InferenceEngineBase.h">
      <Filter>InferenceEngine</Filter>
    </ClInclude>
    <ClInclude Include="..\..\src\Cvt\InferenceEngine\InferenceEngineV10.h">
      <Filter>InferenceEngine</Filter>
    </ClInclude>
    <ClInclude Include="..\..\src\Cvt\Optimizer\Common.h">
      <Filter>Optimizer</Filter>
    </ClInclude>
  </ItemGroup>
  <ItemGroup>
    <Filter Include="Common">
      <UniqueIdentifier>{eb69be5d-8c06-43c5-9f7e-7b515d6ee961}</UniqueIdentifier>
    </Filter>
    <Filter Include="Deoptimizer">
      <UniqueIdentifier>{e45d96c4-a871-4411-bd89-83af13c8c263}</UniqueIdentifier>
    </Filter>
    <Filter Include="Optimizer">
      <UniqueIdentifier>{5b89448e-4370-4e41-9e2c-5f064189e8e4}</UniqueIdentifier>
    </Filter>
    <Filter Include="InferenceEngine">
      <UniqueIdentifier>{ba55f2e2-6f63-495d-842d-c8821e77631e}</UniqueIdentifier>
    </Filter>
    <Filter Include="Optimizer\Q">
      <UniqueIdentifier>{51f10aae-cc2a-4c89-a0bc-669340487d13}</UniqueIdentifier>
    </Filter>
    <Filter Include="Optimizer\S">
      <UniqueIdentifier>{13c84462-b402-4e6f-ba3b-32c5e9a5daa2}</UniqueIdentifier>
    </Filter>
    <Filter Include="Optimizer\I">
      <UniqueIdentifier>{003f3466-b56e-4507-8712-eb499ecba96b}</UniqueIdentifier>
    </Filter>
    <Filter Include="Optimizer\C">
      <UniqueIdentifier>{8187ea4b-f69a-4e3f-ad72-fad5e0a9c3de}</UniqueIdentifier>
    </Filter>
    <Filter Include="Optimizer\B">
      <UniqueIdentifier>{a7c4e91f-2b18-4d6a-9e53-1f80c6d4b2a9}</UniqueIdentifier>
    </Filter>
    <Filter Include="Optimizer\P">
      <UniqueIdentifier>{c3d8f0a1-6e47-4b92-8c15-7a9e2d5f3b10}</UniqueIdentifier>
    </Filter>
    <Filter Include="Optimizer\R">
      <UniqueIdentifier>{e1b27c58-9d04-4f71-a836-4c5e8a0d19b2}</UniqueIdentifier>
    </Filter>
    <Filter Include="Optimizer\T">
      <UniqueIdentifier>{f6a90d3b-5c12-48e7-b4d1-2e7f9c8a6514}</UniqueIdentifier>
    </Filter>
    <Filter Include="Optimizer\N">
      <UniqueIdentifier>{b4e81c27-3f90-4d6a-a1c8-8e5d2f7b9413}</UniqueIdentifier>
    </Filter>
    <Filter Include="Optimizer\U">
      <UniqueIdentifier>{d8c15a46-7e23-4b9f-91d0-6a4c3e8f2057}</UniqueIdentifier>
    </Filter>
    <Filter Include="Optimizer\Y">
      <UniqueIdentifier>{e9d26b57-8f34-4c0a-a2e1-7b5d4f9c3168}</UniqueIdentifier>
    </Filter>
    <Filter Include="Optimizer\G">
      <UniqueIdentifier>{c51c415f-82eb-418d-a9ef-292463bf5d73}</UniqueIdentifier>
    </Filter>
    <Filter Include="Optimizer\H">
      <UniqueIdentifier>{3cb98796-747b-41a1-8154-8bfc045d3cf2}</UniqueIdentifier>
    </Filter>
    <Filter Include="Optimizer\M">
      <UniqueIdentifier>{1848cb75-9a74-4224-8d44-0be2cab75fa4}</UniqueIdentifier>
    </Filter>
    <Filter Include="Optimizer\O">
      <UniqueIdentifier>{7c369371-3667-4ce3-9150-9345497dd951}</UniqueIdentifier>
    </Filter>
  </ItemGroup>
</Project>