<?xml version="1.0" encoding="utf-8"?>
<Project ToolsVersion="4.0" xmlns="http://schemas.microsoft.com/developer/msbuild/2003">
  <ItemGroup>
    <ClCompile Include="..\..\src\Cvt\Deoptimizer\Deoptimizer.cpp">
      <Filter>Deoptimizer</Filter>
    </ClCompile>
    <ClCompile Include="..\..\src\Cvt\Optimizer\Optimizer.cpp">
      <Filter>Optimizer</Filter>
    </ClCompile>
    <ClCompile Include="..\..\src\Cvt\InferenceEngine\InferenceEngine.cpp">
      <Filter>InferenceEngine</Filter>
    </ClCompile>
    <ClCompile Include="..\..\src\Cvt\Optimizer\MergeQuantized.cpp">
      <Filter>Optimizer</Filter>
    </ClCompile>
    <ClCompile Include="..\..\src\Cvt\Optimizer\MergeConvolution.cpp">
      <Filter>Optimizer</Filter>
    </ClCompile>
    <ClCompile Include="..\..\src\Cvt\Optimizer\MergeActivation.cpp">
      <Filter>Optimizer</Filter>
    </ClCompile>
    <ClCompile Include="..\..\src\Cvt\Optimizer\MergeQuantizedSqueezeExcitation.cpp">
      <Filter>Optimizer\Q</Filter>
    </ClCompile>
    <ClCompile Include="..\..\src\Cvt\Optimizer\MergeSqueezeExcitation.cpp">
      <Filter>Optimizer\S</Filter>
    </ClCompile>
    <ClCompile Include="..\..\src\Cvt\Optimizer\MergeInnerProductAndScale.cpp">
      <Filter>Optimizer\I</Filter>
    </ClCompile>
    <ClCompile Include="..\..\src\Cvt\Optimizer\MergeConvolutionAndScale.cpp">
      <Filter>Optimizer\C</Filter>
    </ClCompile>
    <ClCompile Include="..\..\src\Cvt\Optimizer\MergeBiasAndScale.cpp">
      <Filter>Optimizer\B</Filter>
    </ClCompile>
    <ClCompile Include="..\..\src\Cvt\Optimizer\MergeConvolutionAndPower.cpp">
      <Filter>Optimizer\C</Filter>
    </ClCompile>
    <ClCompile Include="..\..\src\Cvt\Optimizer\MergeCurrentAndBias.cpp">
      <Filter>Optimizer\C</Filter>
    </ClCompile>
    <ClCompile Include="..\..\src\Cvt\Optimizer\MergeInnerProductAndPower.cpp">
      <Filter>Optimizer\I</Filter>
    </ClCompile>
    <ClCompile Include="..\..\src\Cvt\Optimizer\MergePowerAndScaleAndPower.cpp">
      <Filter>Optimizer\P</Filter>
    </ClCompile>
    <ClCompile Include="..\..\src\Cvt\Optimizer\MergePermute.cpp">
      <Filter>Optimizer\P</Filter>
    </ClCompile>
    <ClCompile Include="..\..\src\Cvt\Optimizer\MergePooling.cpp">
      <Filter>Optimizer\P</Filter>
    </ClCompile>
    <ClCompile Include="..\..\src\Cvt\Optimizer\MergeShuffle.cpp">
      <Filter>Optimizer\S</Filter>
    </ClCompile>
    <ClCompile Include="..\..\src\Cvt\Optimizer\MergeSoftmax.cpp">
      <Filter>Optimizer\S</Filter>
    </ClCompile>
    <ClCompile Include="..\..\src\Cvt\Optimizer\MergeScale.cpp">
      <Filter>Optimizer\S</Filter>
    </ClCompile>
    <ClCompile Include="..\..\src\Cvt\Optimizer\MergeSpaceToDepth.cpp">
      <Filter>Optimizer\S</Filter>
    </ClCompile>
    <ClCompile Include="..\..\src\Cvt\Optimizer\MergeNormalize.cpp">
      <Filter>Optimizer\N</Filter>
    </ClCompile>
    <ClCompile Include="..\..\src\Cvt\Optimizer\ReduceTensorIteratorIO.cpp">
      <Filter>Optimizer\R</Filter>
    </ClCompile>
    <ClCompile Include="..\..\src\Cvt\Optimizer\TransposeInnerProduct.cpp">
      <Filter>Optimizer\T</Filter>
    </ClCompile>
    <ClCompile Include="..\..\src\Cvt\Optimizer\MergeTiledScale2D.cpp">
      <Filter>Optimizer\T</Filter>
    </ClCompile>
    <ClCompile Include="..\..\src\Cvt\Optimizer\MergeUnpack.cpp">
      <Filter>Optimizer\U</Filter>
    </ClCompile>
  </ItemGroup>
  <ItemGroup>
    <ClInclude Include="..\..\src\Cvt\Common\Params.h">
      <Filter>Common</Filter>
    </ClInclude>
    <ClInclude Include="..\..\src\Cvt\Common\SynetUtils.h">
      <Filter>Common</Filter>
    </ClInclude>
    <ClInclude Include="..\..\src\Cvt\Deoptimizer\Deoptimizer.h">
      <Filter>Deoptimizer</Filter>
    </ClInclude>
    <ClInclude Include="..\..\src\Cvt\Optimizer\Bf16OptSetter.h">
      <Filter>Optimizer</Filter>
    </ClInclude>
    <ClInclude Include="..\..\src\Cvt\Optimizer\Optimizer.h">
      <Filter>Optimizer</Filter>
    </ClInclude>
    <ClInclude Include="..\..\src\Cvt\InferenceEngine\InferenceEngine.h">
      <Filter>InferenceEngine</Filter>
    </ClInclude>
    <ClInclude Include="..\..\src\Cvt\InferenceEngine\InferenceEngineBase.h">
      <Filter>InferenceEngine</Filter>
    </ClInclude>
    <ClInclude Include="..\..\src\Cvt\InferenceEngine\InferenceEngineV10.h">
      <Filter>InferenceEngine</Filter>
    </ClInclude>
    <ClInclude Include="..\..\src\Cvt\Optimizer\Common.h">
      <Filter>Optimizer</Filter>
    </ClInclude>
  </ItemGroup>
  <ItemGroup>
    <Filter Include="Common">
      <UniqueIdentifier>{eb69be5d-8c06-43c5-9f7e-7b515d6ee961}</UniqueIdentifier>
    </Filter>
    <Filter Include="Deoptimizer">
      <UniqueIdentifier>{e45d96c4-a871-4411-bd89-83af13c8c263}</UniqueIdentifier>
    </Filter>
    <Filter Include="Optimizer">
      <UniqueIdentifier>{5b89448e-4370-4e41-9e2c-5f064189e8e4}</UniqueIdentifier>
    </Filter>
    <Filter Include="InferenceEngine">
      <UniqueIdentifier>{ba55f2e2-6f63-495d-842d-c8821e77631e}</UniqueIdentifier>
    </Filter>
    <Filter Include="Optimizer\Q">
      <UniqueIdentifier>{51f10aae-cc2a-4c89-a0bc-669340487d13}</UniqueIdentifier>
    </Filter>
    <Filter Include="Optimizer\S">
      <UniqueIdentifier>{13c84462-b402-4e6f-ba3b-32c5e9a5daa2}</UniqueIdentifier>
    </Filter>
    <Filter Include="Optimizer\I">
      <UniqueIdentifier>{003f3466-b56e-4507-8712-eb499ecba96b}</UniqueIdentifier>
    </Filter>
    <Filter Include="Optimizer\C">
      <UniqueIdentifier>{8187ea4b-f69a-4e3f-ad72-fad5e0a9c3de}</UniqueIdentifier>
    </Filter>
    <Filter Include="Optimizer\B">
      <UniqueIdentifier>{a7c4e91f-2b18-4d6a-9e53-1f80c6d4b2a9}</UniqueIdentifier>
    </Filter>
    <Filter Include="Optimizer\P">
      <UniqueIdentifier>{c3d8f0a1-6e47-4b92-8c15-7a9e2d5f3b10}</UniqueIdentifier>
    </Filter>
    <Filter Include="Optimizer\R">
      <UniqueIdentifier>{e1b27c58-9d04-4f71-a836-4c5e8a0d19b2}</UniqueIdentifier>
    </Filter>
    <Filter Include="Optimizer\T">
      <UniqueIdentifier>{f6a90d3b-5c12-48e7-b4d1-2e7f9c8a6514}</UniqueIdentifier>
    </Filter>
    <Filter Include="Optimizer\N">
      <UniqueIdentifier>{b4e81c27-3f90-4d6a-a1c8-8e5d2f7b9413}</UniqueIdentifier>
    </Filter>
    <Filter Include="Optimizer\U">
      <UniqueIdentifier>{d8c15a46-7e23-4b9f-91d0-6a4c3e8f2057}</UniqueIdentifier>
    </Filter>
  </ItemGroup>
</Project>