<?xml version="1.0" encoding="utf-8"?>
<Project ToolsVersion="4.0" xmlns="http://schemas.microsoft.com/developer/msbuild/2003">
  <ItemGroup>
    <Filter Include="OnnxRuntime">
      <UniqueIdentifier>{25012212-983f-461a-b3fd-3f61c33b37aa}</UniqueIdentifier>
    </Filter>
    <Filter Include="OnnxRuntime\A">
      <UniqueIdentifier>{bf224fb2-1832-4c98-a6a8-c05cd021f48a}</UniqueIdentifier>
    </Filter>
    <Filter Include="OnnxRuntime\B">
      <UniqueIdentifier>{98d57781-889b-43a4-a08a-055ce254de39}</UniqueIdentifier>
    </Filter>
    <Filter Include="OnnxRuntime\C">
      <UniqueIdentifier>{b12c88f5-fe8c-4279-9920-1d8729e7643d}</UniqueIdentifier>
    </Filter>
    <Filter Include="OnnxRuntime\D">
      <UniqueIdentifier>{200d1587-706b-448b-8c52-d3c0ddcea51f}</UniqueIdentifier>
    </Filter>
    <Filter Include="OnnxRuntime\E">
      <UniqueIdentifier>{fda0e97b-2880-414d-b30f-148d4b10588e}</UniqueIdentifier>
    </Filter>
    <Filter Include="OnnxRuntime\F">
      <UniqueIdentifier>{1bb876d9-7992-43f3-99ae-5580a9ad7853}</UniqueIdentifier>
    </Filter>
    <Filter Include="OnnxRuntime\G">
      <UniqueIdentifier>{2c8d467e-5e63-4320-bd17-8269f03f59c2}</UniqueIdentifier>
    </Filter>
    <Filter Include="OnnxRuntime\H">
      <UniqueIdentifier>{023c1855-1a14-4b54-a0d5-719bc550cceb}</UniqueIdentifier>
    </Filter>
    <Filter Include="OnnxRuntime\I">
      <UniqueIdentifier>{cddeae58-43fc-4929-a5db-7c46cb5ff469}</UniqueIdentifier>
    </Filter>
    <Filter Include="OnnxRuntime\L">
      <UniqueIdentifier>{fe47a3dc-9320-4384-aebc-4bbbf86cca02}</UniqueIdentifier>
    </Filter>
    <Filter Include="OnnxRuntime\M">
      <UniqueIdentifier>{9fa57741-ac41-4928-b4d1-ca115a9d9601}</UniqueIdentifier>
    </Filter>
    <Filter Include="OnnxRuntime\N">
      <UniqueIdentifier>{b4dc0b36-c8f9-4067-b91e-0191dc9767e3}</UniqueIdentifier>
    </Filter>
  </ItemGroup>
  <ItemGroup>
    <ClCompile Include="..\..\src\Cvt\OnnxRuntime\OnnxRuntime.cpp">
      <Filter>OnnxRuntime</Filter>
    </ClCompile>
    <ClCompile Include="..\..\src\Cvt\OnnxRuntime\ConvertQLinearConvNode.cpp">
      <Filter>OnnxRuntime</Filter>
    </ClCompile>
    <ClCompile Include="..\..\src\Cvt\OnnxRuntime\ConvertQLinearAddNode.cpp">
      <Filter>OnnxRuntime</Filter>
    </ClCompile>
    <ClCompile Include="..\..\src\Cvt\OnnxRuntime\ConvertQLinearGlobalAveragePoolNode.cpp">
      <Filter>OnnxRuntime</Filter>
    </ClCompile>
    <ClCompile Include="..\..\src\Cvt\OnnxRuntime\ConvertQLinearMatMulNode.cpp">
      <Filter>OnnxRuntime</Filter>
    </ClCompile>
    <ClCompile Include="..\..\src\Cvt\OnnxRuntime\ConvertReduceMeanNode.cpp">
      <Filter>OnnxRuntime</Filter>
    </ClCompile>
    <ClCompile Include="..\..\src\Cvt\OnnxRuntime\ConvertQLinearAveragePoolNode.cpp">
      <Filter>OnnxRuntime</Filter>
    </ClCompile>
    <ClCompile Include="..\..\src\Cvt\OnnxRuntime\ConvertPreluNode.cpp">
      <Filter>OnnxRuntime</Filter>
    </ClCompile>
    <ClCompile Include="..\..\src\Cvt\OnnxRuntime\ConvertQuantizeLinearNode.cpp">
      <Filter>OnnxRuntime</Filter>
    </ClCompile>
    <ClCompile Include="..\..\src\Cvt\OnnxRuntime\ConvertReduceL2Node.cpp">
      <Filter>OnnxRuntime</Filter>
    </ClCompile>
    <ClCompile Include="..\..\src\Cvt\OnnxRuntime\ConvertRoundNode.cpp">
      <Filter>OnnxRuntime</Filter>
    </ClCompile>
    <ClCompile Include="..\..\src\Cvt\OnnxRuntime\ConvertSignNode.cpp">
      <Filter>OnnxRuntime</Filter>
    </ClCompile>
    <ClCompile Include="..\..\src\Cvt\OnnxRuntime\ConvertReduceMaxNode.cpp">
      <Filter>OnnxRuntime</Filter>
    </ClCompile>
    <ClCompile Include="..\..\src\Cvt\OnnxRuntime\ConvertTileNode.cpp">
      <Filter>OnnxRuntime</Filter>
    </ClCompile>
    <ClCompile Include="..\..\src\Cvt\OnnxRuntime\ConvertSqueezeNode.cpp">
      <Filter>OnnxRuntime</Filter>
    </ClCompile>
    <ClCompile Include="..\..\src\Cvt\OnnxRuntime\ConvertAbsNode.cpp">
      <Filter>OnnxRuntime\A</Filter>
    </ClCompile>
    <ClCompile Include="..\..\src\Cvt\OnnxRuntime\ConvertAddNode.cpp">
      <Filter>OnnxRuntime\A</Filter>
    </ClCompile>
    <ClCompile Include="..\..\src\Cvt\OnnxRuntime\ConvertAndNode.cpp">
      <Filter>OnnxRuntime\A</Filter>
    </ClCompile>
    <ClCompile Include="..\..\src\Cvt\OnnxRuntime\ConvertArgMaxNode.cpp">
      <Filter>OnnxRuntime\A</Filter>
    </ClCompile>
    <ClCompile Include="..\..\src\Cvt\OnnxRuntime\ConvertAveragePoolNode.cpp">
      <Filter>OnnxRuntime\A</Filter>
    </ClCompile>
    <ClCompile Include="..\..\src\Cvt\OnnxRuntime\ConvertBatchNormalizationNode.cpp">
      <Filter>OnnxRuntime\B</Filter>
    </ClCompile>
    <ClCompile Include="..\..\src\Cvt\OnnxRuntime\ConvertCastNode.cpp">
      <Filter>OnnxRuntime\C</Filter>
    </ClCompile>
    <ClCompile Include="..\..\src\Cvt\OnnxRuntime\ConvertClipNode.cpp">
      <Filter>OnnxRuntime\C</Filter>
    </ClCompile>
    <ClCompile Include="..\..\src\Cvt\OnnxRuntime\ConvertConstantNode.cpp">
      <Filter>OnnxRuntime\C</Filter>
    </ClCompile>
    <ClCompile Include="..\..\src\Cvt\OnnxRuntime\ConvertConvOrConvTransposeNode.cpp">
      <Filter>OnnxRuntime\C</Filter>
    </ClCompile>
    <ClCompile Include="..\..\src\Cvt\OnnxRuntime\ConvertQLinearConcatNode.cpp">
      <Filter>OnnxRuntime</Filter>
    </ClCompile>
    <ClCompile Include="..\..\src\Cvt\OnnxRuntime\ConvertDequantizeLinearNode.cpp">
      <Filter>OnnxRuntime\D</Filter>
    </ClCompile>
    <ClCompile Include="..\..\src\Cvt\OnnxRuntime\ConvertDropoutNode.cpp">
      <Filter>OnnxRuntime\D</Filter>
    </ClCompile>
    <ClCompile Include="..\..\src\Cvt\OnnxRuntime\ConvertEqualNode.cpp">
      <Filter>OnnxRuntime\E</Filter>
    </ClCompile>
    <ClCompile Include="..\..\src\Cvt\OnnxRuntime\ConvertFlattenNode.cpp">
      <Filter>OnnxRuntime\F</Filter>
    </ClCompile>
    <ClCompile Include="..\..\src\Cvt\OnnxRuntime\ConvertGatherNode.cpp">
      <Filter>OnnxRuntime\G</Filter>
    </ClCompile>
    <ClCompile Include="..\..\src\Cvt\OnnxRuntime\ConvertGemmNode.cpp">
      <Filter>OnnxRuntime\G</Filter>
    </ClCompile>
    <ClCompile Include="..\..\src\Cvt\OnnxRuntime\ConvertGlobalAveragePoolNode.cpp">
      <Filter>OnnxRuntime\G</Filter>
    </ClCompile>
    <ClCompile Include="..\..\src\Cvt\OnnxRuntime\ConvertGreaterNode.cpp">
      <Filter>OnnxRuntime\G</Filter>
    </ClCompile>
    <ClCompile Include="..\..\src\Cvt\OnnxRuntime\ConvertHardSwishNode.cpp">
      <Filter>OnnxRuntime\H</Filter>
    </ClCompile>
    <ClCompile Include="..\..\src\Cvt\OnnxRuntime\ConvertInitializer.cpp">
      <Filter>OnnxRuntime\I</Filter>
    </ClCompile>
    <ClCompile Include="..\..\src\Cvt\OnnxRuntime\ConvertInput.cpp">
      <Filter>OnnxRuntime\I</Filter>
    </ClCompile>
    <ClCompile Include="..\..\src\Cvt\OnnxRuntime\ConvertConcatNode.cpp">
      <Filter>OnnxRuntime\C</Filter>
    </ClCompile>
    <ClCompile Include="..\..\src\Cvt\OnnxRuntime\ConvertLessNode.cpp">
      <Filter>OnnxRuntime\L</Filter>
    </ClCompile>
    <ClCompile Include="..\..\src\Cvt\OnnxRuntime\ConvertLessOrEqualNode.cpp">
      <Filter>OnnxRuntime\L</Filter>
    </ClCompile>
    <ClCompile Include="..\..\src\Cvt\OnnxRuntime\ConvertMulNode.cpp">
      <Filter>OnnxRuntime\M</Filter>
    </ClCompile>
    <ClCompile Include="..\..\src\Cvt\OnnxRuntime\ConvertNonMaxSuppressionNode.cpp">
      <Filter>OnnxRuntime\N</Filter>
    </ClCompile>
  </ItemGroup>
  <ItemGroup>
    <ClInclude Include="..\..\src\Cvt\OnnxRuntime\OnnxRuntime.h">
      <Filter>OnnxRuntime</Filter>
    </ClInclude>
    <ClInclude Include="..\..\src\Cvt\OnnxRuntime\Common.h">
      <Filter>OnnxRuntime</Filter>
    </ClInclude>
    <ClInclude Include="..\..\src\Cvt\OnnxRuntime\Convert.h">
      <Filter>OnnxRuntime</Filter>
    </ClInclude>
    <ClInclude Include="..\..\src\Cvt\OnnxRuntime\Attribute.h">
      <Filter>OnnxRuntime</Filter>
    </ClInclude>
  </ItemGroup>
</Project>