
Microsoft Visual Studio Solution File, Format Version 12.00
# Visual Studio Version 17
VisualStudioVersion = 17.3.32519.111
MinimumVisualStudioVersion = 10.0.40219.1
Project("{8BC9CEB8-8B4A-11D0-8D11-00A0C91BC942}") = "Synet", "Synet.vcxproj", "{C809D7A3-6C52-4E36-8582-00CED929317F}"
EndProject
Project("{8BC9CEB8-8B4A-11D0-8D11-00A0C91BC942}") = "TestInferenceEngine", "TestInferenceEngine.vcxproj", "{F4F0DBBD-994A-41B1-8F5D-60AD8F8E4C8A}"
EndProject
Project("{2150E333-8FDC-42A3-9474-1A3956D46DE8}") = "3rd", "3rd", "{A7AA50AB-F5B8-47DF-BA9E-07301E27B46D}"
EndProject
Project("{2150E333-8FDC-42A3-9474-1A3956D46DE8}") = "lib", "lib", "{302014D6-E119-4F87-89FE-58B605B21254}"
EndProject
Project("{2150E333-8FDC-42A3-9474-1A3956D46DE8}") = "test", "test", "{AFFDA6C0-D2CE-421C-8B55-7A55284D9427}"
EndProject
Project("{2150E333-8FDC-42A3-9474-1A3956D46DE8}") = "use", "use", "{6DC1E51E-CC0D-4775-8A78-E94B83B25381}"
EndProject
Project("{8BC9CEB8-8B4A-11D0-8D11-00A0C91BC942}") = "UseFaceDetection", "UseFaceDetection.vcxproj", "{C26833B7-8721-41F0-BA67-CBC4D5ADCD23}"
EndProject
Project("{2150E333-8FDC-42A3-9474-1A3956D46DE8}") = "x86", "x86", "{A775AF9C-16A0-466C-8A59-9597CCCBFD4A}"
EndProject
Project("{2150E333-8FDC-42A3-9474-1A3956D46DE8}") = "arm", "arm", "{9A50CEF3-B480-4287-A8EB-E1EF808020C1}"
EndProject
Project("{2150E333-8FDC-42A3-9474-1A3956D46DE8}") = "128", "128", "{C064ABEE-F004-4176-A8A7-FCE597DA056E}"
EndProject
Project("{2150E333-8FDC-42A3-9474-1A3956D46DE8}") = "256", "256", "{611B6C4C-7C3E-4C26-A989-E2DC0D6BAF9A}"
EndProject
Project("{2150E333-8FDC-42A3-9474-1A3956D46DE8}") = "512", "512", "{7ACF4A32-088E-4D63-B431-C9EC117BB0F5}"
EndProject
Project("{2150E333-8FDC-42A3-9474-1A3956D46DE8}") = "simd", "simd", "{1E1B2F4F-39A1-496B-9FE8-813E1E743B30}"
EndProject
Project("{8BC9CEB8-8B4A-11D0-8D11-00A0C91BC942}") = "TestQuantization", "TestQuantization.vcxproj", "{1DBDF00B-B821-440B-8AC1-1D561F2ABFB9}"
EndProject
Project("{8BC9CEB8-8B4A-11D0-8D11-00A0C91BC942}") = "TestPrecision", "TestPrecision.vcxproj", "{E97C6131-4CB4-4B1E-BEDF-BB86DF044DA5}"
EndProject
Project("{8BC9CEB8-8B4A-11D0-8D11-00A0C91BC942}") = "TestPerformanceDifference", "TestPerformanceDifference.vcxproj", "{039CFE6E-B8BF-4C72-9D57-22B6BEB0BBAA}"
EndProject
Project("{8BC9CEB8-8B4A-11D0-8D11-00A0C91BC942}") = "TestOnnx", "TestOnnx.vcxproj", "{31D66C8A-2AC5-4564-AB95-2F63B308F96B}"
EndProject
Project("{8BC9CEB8-8B4A-11D0-8D11-00A0C91BC942}") = "Base", "..\..\3rd\Simd\prj\vs2022\Base.vcxproj", "{1622C4EF-06A4-4DAA-9631-5D71B32858A2}"
EndProject
Project("{8BC9CEB8-8B4A-11D0-8D11-00A0C91BC942}") = "Neon", "..\..\3rd\Simd\prj\vs2022\Neon.vcxproj", "{271C2D02-B19D-4193-8D83-CC0F06E75F3D}"
EndProject
Project("{8BC9CEB8-8B4A-11D0-8D11-00A0C91BC942}") = "Sse41", "..\..\3rd\Simd\prj\vs2022\Sse41.vcxproj", "{50073D4B-E2EF-4FA5-9868-380C4A4DAE0C}"
EndProject
Project("{8BC9CEB8-8B4A-11D0-8D11-00A0C91BC942}") = "Avx2", "..\..\3rd\Simd\prj\vs2022\Avx2.vcxproj", "{4C82474F-3B9A-4B92-AC74-2434CA1D5064}"
EndProject
Project("{8BC9CEB8-8B4A-11D0-8D11-00A0C91BC942}") = "Avx512bw", "..\..\3rd\Simd\prj\vs2022\Avx512bw.vcxproj", "{3E24DA78-24E3-41D2-9066-54C75BE13B90}"
EndProject
Project("{8BC9CEB8-8B4A-11D0-8D11-00A0C91BC942}") = "Avx512vnni", "..\..\3rd\Simd\prj\vs2022\Avx512vnni.vcxproj", "{E89969DE-D5F1-44C5-81AF-A4283851090B}"
EndProject
Project("{8BC9CEB8-8B4A-11D0-8D11-00A0C91BC942}") = "Simd", "..\..\3rd\Simd\prj\vs2022\Simd.vcxproj", "{C809D7A3-6C52-4E36-8582-00CED929317D}"
EndProject
Project("{2150E333-8FDC-42A3-9474-1A3956D46DE8}") = "amx", "amx", "{4A5F07C0-8A0A-4055-A7CC-566C857D4B7B}"
EndProject
Project("{8BC9CEB8-8B4A-11D0-8D11-00A0C91BC942}") = "AmxBf16", "..\..\3rd\Simd\prj\vs2022\AmxBf16.vcxproj", "{3E68D81A-DBC0-47B4-912B-7C9EFCE28B6F}"
EndProject
Project("{8BC9CEB8-8B4A-11D0-8D11-00A0C91BC942}") = "TestStability", "TestStability.vcxproj", "{01D91BBC-3CC1-464A-A04F-E0C73FBC0938}"
EndProject
Project("{8BC9CEB8-8B4A-11D0-8D11-00A0C91BC942}") = "TestOptimizer", "TestOptimizer.vcxproj", "{F4B32DF8-0820-419E-B80A-6B3D4522910C}"
EndProject
Project("{8BC9CEB8-8B4A-11D0-8D11-00A0C91BC942}") = "Synet.dll", "Synet.dll.vcxproj", "{CC300A30-5BEB-42F0-8DD9-D652FA5662AB}"
EndProject
Project("{2150E333-8FDC-42A3-9474-1A3956D46DE8}") = "py", "py", "{C4BD77A0-77B3-4938-AA0C-CB1D63076EA9}"
EndProject
Project("{888888A0-9F3D-457C-B088-3A5042F75D52}") = "Scripts", "..\..\py\Scripts\Scripts.pyproj", "{88714303-76F4-44A7-96F1-D7B5084BE739}"
EndProject
Project("{888888A0-9F3D-457C-B088-3A5042F75D52}") = "SynetPy", "..\..\py\SynetPy\SynetPy.pyproj", "{EF99B7C7-798D-448F-A21C-3BE4E9AF55C1}"
EndProject
Project("{888888A0-9F3D-457C-B088-3A5042F75D52}") = "SimdPy", "..\..\3rd\Simd\py\SimdPy\SimdPy.pyproj", "{EF99B7C7-798D-448F-A21C-3BE4E9AF55C2}"
EndProject
Project("{8BC9CEB8-8B4A-11D0-8D11-00A0C91BC942}") = "TestBf16", "TestBf16.vcxproj", "{74C9BEB2-2C87-4833-8438-33DAF0705C50}"
EndProject
Project("{2150E333-8FDC-42A3-9474-1A3956D46DE8}") = "cvt", "cvt", "{67200AEA-444F-4289-9F65-D9C60B68741C}"
EndProject
Project("{8BC9CEB8-8B4A-11D0-8D11-00A0C91BC942}") = "CvtCore", "CvtCore.vcxproj", "{B5CA8C94-9973-44A4-912D-500FBDE0BC96}"
EndProject
Project("{8BC9CEB8-8B4A-11D0-8D11-00A0C91BC942}") = "CvtOnnx", "CvtOnnx.vcxproj", "{A0D937C5-9297-4183-A64C-F9294334C642}"
EndProject
Global
	GlobalSection(SolutionConfigurationPlatforms) = preSolution
		Debug|Any CPU = Debug|Any CPU
		Debug|Win32 = Debug|Win32
		Debug|x64 = Debug|x64
		Release|Any CPU = Release|Any CPU
		Release|Win32 = Release|Win32
		Release|x64 = Release|x64
	EndGlobalSection
	GlobalSection(ProjectConfigurationPlatforms) = postSolution
		{C809D7A3-6C52-4E36-8582-00CED929317F}.Debug|Any CPU.ActiveCfg = Debug|x64
		{C809D7A3-6C52-4E36-8582-00CED929317F}.Debug|Any CPU.Build.0 = Debug|x64
		{C809D7A3-6C52-4E36-8582-00CED929317F}.Debug|Win32.ActiveCfg = Debug|Win32
		{C809D7A3-6C52-4E36-8582-00CED929317F}.Debug|Win32.Build.0 = Debug|Win32
		{C809D7A3-6C52-4E36-8582-00CED929317F}.Debug|x64.ActiveCfg = Debug|x64
		{C809D7A3-6C52-4E36-8582-00CED929317F}.Debug|x64.Build.0 = Debug|x64
		{C809D7A3-6C52-4E36-8582-00CED929317F}.Release|Any CPU.ActiveCfg = Release|x64
		{C809D7A3-6C52-4E36-8582-00CED929317F}.Release|Any CPU.Build.0 = Release|x64
		{C809D7A3-6C52-4E36-8582-00CED929317F}.Release|Win32.ActiveCfg = Release|Win32
		{C809D7A3-6C52-4E36-8582-00CED929317F}.Release|Win32.Build.0 = Release|Win32
		{C809D7A3-6C52-4E36-8582-00CED929317F}.Release|x64.ActiveCfg = Release|x64
		{C809D7A3-6C52-4E36-8582-00CED929317F}.Release|x64.Build.0 = Release|x64
		{F4F0DBBD-994A-41B1-8F5D-60AD8F8E4C8A}.Debug|Any CPU.ActiveCfg = Debug|x64
		{F4F0DBBD-994A-41B1-8F5D-60AD8F8E4C8A}.Debug|Any CPU.Build.0 = Debug|x64
		{F4F0DBBD-994A-41B1-8F5D-60AD8F8E4C8A}.Debug|Win32.ActiveCfg = Debug|Win32
		{F4F0DBBD-994A-41B1-8F5D-60AD8F8E4C8A}.Debug|Win32.Build.0 = Debug|Win32
		{F4F0DBBD-994A-41B1-8F5D-60AD8F8E4C8A}.Debug|x64.ActiveCfg = Debug|x64
		{F4F0DBBD-994A-41B1-8F5D-60AD8F8E4C8A}.Debug|x64.Build.0 = Debug|x64
		{F4F0DBBD-994A-41B1-8F5D-60AD8F8E4C8A}.Release|Any CPU.ActiveCfg = Release|x64
		{F4F0DBBD-994A-41B1-8F5D-60AD8F8E4C8A}.Release|Any CPU.Build.0 = Release|x64
		{F4F0DBBD-994A-41B1-8F5D-60AD8F8E4C8A}.Release|Win32.ActiveCfg = Release|Win32
		{F4F0DBBD-994A-41B1-8F5D-60AD8F8E4C8A}.Release|Win32.Build.0 = Release|Win32
		{F4F0DBBD-994A-41B1-8F5D-60AD8F8E4C8A}.Release|x64.ActiveCfg = Release|x64
		{F4F0DBBD-994A-41B1-8F5D-60AD8F8E4C8A}.Release|x64.Build.0 = Release|x64
		{C26833B7-8721-41F0-BA67-CBC4D5ADCD23}.Debug|Any CPU.ActiveCfg = Debug|x64
		{C26833B7-8721-41F0-BA67-CBC4D5ADCD23}.Debug|Any CPU.Build.0 = Debug|x64
		{C26833B7-8721-41F0-BA67-CBC4D5ADCD23}.Debug|Win32.ActiveCfg = Debug|Win32
		{C26833B7-8721-41F0-BA67-CBC4D5ADCD23}.Debug|Win32.Build.0 = Debug|Win32
		{C26833B7-8721-41F0-BA67-CBC4D5ADCD23}.Debug|x64.ActiveCfg = Debug|x64
		{C26833B7-8721-41F0-BA67-CBC4D5ADCD23}.Debug|x64.Build.0 = Debug|x64
		{C26833B7-8721-41F0-BA67-CBC4D5ADCD23}.Release|Any CPU.ActiveCfg = Release|x64
		{C26833B7-8721-41F0-BA67-CBC4D5ADCD23}.Release|Any CPU.Build.0 = Release|x64
		{C26833B7-8721-41F0-BA67-CBC4D5ADCD23}.Release|Win32.ActiveCfg = Release|Win32
		{C26833B7-8721-41F0-BA67-CBC4D5ADCD23}.Release|Win32.Build.0 = Release|Win32
		{C26833B7-8721-41F0-BA67-CBC4D5ADCD23}.Release|x64.ActiveCfg = Release|x64
		{C26833B7-8721-41F0-BA67-CBC4D5ADCD23}.Release|x64.Build.0 = Release|x64
		{1DBDF00B-B821-440B-8AC1-1D561F2ABFB9}.Debug|Any CPU.ActiveCfg = Debug|x64
		{1DBDF00B-B821-440B-8AC1-1D561F2ABFB9}.Debug|Any CPU.Build.0 = Debug|x64
		{1DBDF00B-B821-440B-8AC1-1D561F2ABFB9}.Debug|Win32.ActiveCfg = Debug|Win32
		{1DBDF00B-B821-440B-8AC1-1D561F2ABFB9}.Debug|Win32.Build.0 = Debug|Win32
		{1DBDF00B-B821-440B-8AC1-1D561F2ABFB9}.Debug|x64.ActiveCfg = Debug|x64
		{1DBDF00B-B821-440B-8AC1-1D561F2ABFB9}.Debug|x64.Build.0 = Debug|x64
		{1DBDF00B-B821-440B-8AC1-1D561F2ABFB9}.Release|Any CPU.ActiveCfg = Release|x64
		{1DBDF00B-B821-440B-8AC1-1D561F2ABFB9}.Release|Any CPU.Build.0 = Release|x64
		{1DBDF00B-B821-440B-8AC1-1D561F2ABFB9}.Release|Win32.ActiveCfg = Release|Win32
		{1DBDF00B-B821-440B-8AC1-1D561F2ABFB9}.Release|Win32.Build.0 = Release|Win32
		{1DBDF00B-B821-440B-8AC1-1D561F2ABFB9}.Release|x64.ActiveCfg = Release|x64
		{1DBDF00B-B821-440B-8AC1-1D561F2ABFB9}.Release|x64.Build.0 = Release|x64
		{E97C6131-4CB4-4B1E-BEDF-BB86DF044DA5}.Debug|Any CPU.ActiveCfg = Debug|x64
		{E97C6131-4CB4-4B1E-BEDF-BB86DF044DA5}.Debug|Any CPU.Build.0 = Debug|x64
		{E97C6131-4CB4-4B1E-BEDF-BB86DF044DA5}.Debug|Win32.ActiveCfg = Debug|Win32
		{E97C6131-4CB4-4B1E-BEDF-BB86DF044DA5}.Debug|Win32.Build.0 = Debug|Win32
		{E97C6131-4CB4-4B1E-BEDF-BB86DF044DA5}.Debug|x64.ActiveCfg = Debug|x64
		{E97C6131-4CB4-4B1E-BEDF-BB86DF044DA5}.Debug|x64.Build.0 = Debug|x64
		{E97C6131-4CB4-4B1E-BEDF-BB86DF044DA5}.Release|Any CPU.ActiveCfg = Release|x64
		{E97C6131-4CB4-4B1E-BEDF-BB86DF044DA5}.Release|Any CPU.Build.0 = Release|x64
		{E97C6131-4CB4-4B1E-BEDF-BB86DF044DA5}.Release|Win32.ActiveCfg = Release|Win32
		{E97C6131-4CB4-4B1E-BEDF-BB86DF044DA5}.Release|Win32.Build.0 = Release|Win32
		{E97C6131-4CB4-4B1E-BEDF-BB86DF044DA5}.Release|x64.ActiveCfg = Release|x64
		{E97C6131-4CB4-4B1E-BEDF-BB86DF044DA5}.Release|x64.Build.0 = Release|x64
		{039CFE6E-B8BF-4C72-9D57-22B6BEB0BBAA}.Debug|Any CPU.ActiveCfg = Debug|x64
		{039CFE6E-B8BF-4C72-9D57-22B6BEB0BBAA}.Debug|Any CPU.Build.0 = Debug|x64
		{039CFE6E-B8BF-4C72-9D57-22B6BEB0BBAA}.Debug|Win32.ActiveCfg = Debug|Win32
		{039CFE6E-B8BF-4C72-9D57-22B6BEB0BBAA}.Debug|Win32.Build.0 = Debug|Win32
		{039CFE6E-B8BF-4C72-9D57-22B6BEB0BBAA}.Debug|x64.ActiveCfg = Debug|x64
		{039CFE6E-B8BF-4C72-9D57-22B6BEB0BBAA}.Debug|x64.Build.0 = Debug|x64
		{039CFE6E-B8BF-4C72-9D57-22B6BEB0BBAA}.Release|Any CPU.ActiveCfg = Release|x64
		{039CFE6E-B8BF-4C72-9D57-22B6BEB0BBAA}.Release|Any CPU.Build.0 = Release|x64
		{039CFE6E-B8BF-4C72-9D57-22B6BEB0BBAA}.Release|Win32.ActiveCfg = Release|Win32
		{039CFE6E-B8BF-4C72-9D57-22B6BEB0BBAA}.Release|Win32.Build.0 = Release|Win32
		{039CFE6E-B8BF-4C72-9D57-22B6BEB0BBAA}.Release|x64.ActiveCfg = Release|x64
		{039CFE6E-B8BF-4C72-9D57-22B6BEB0BBAA}.Release|x64.Build.0 = Release|x64
		{31D66C8A-2AC5-4564-AB95-2F63B308F96B}.Debug|Any CPU.ActiveCfg = Debug|x64
		{31D66C8A-2AC5-4564-AB95-2F63B308F96B}.Debug|Any CPU.Build.0 = Debug|x64
		{31D66C8A-2AC5-4564-AB95-2F63B308F96B}.Debug|Win32.ActiveCfg = Debug|Win32
		{31D66C8A-2AC5-4564-AB95-2F63B308F96B}.Debug|Win32.Build.0 = Debug|Win32
		{31D66C8A-2AC5-4564-AB95-2F63B308F96B}.Debug|x64.ActiveCfg = Debug|x64
		{31D66C8A-2AC5-4564-AB95-2F63B308F96B}.Debug|x64.Build.0 = Debug|x64
		{31D66C8A-2AC5-4564-AB95-2F63B308F96B}.Release|Any CPU.ActiveCfg = Release|x64
		{31D66C8A-2AC5-4564-AB95-2F63B308F96B}.Release|Any CPU.Build.0 = Release|x64
		{31D66C8A-2AC5-4564-AB95-2F63B308F96B}.Release|Win32.ActiveCfg = Release|Win32
		{31D66C8A-2AC5-4564-AB95-2F63B308F96B}.Release|Win32.Build.0 = Release|Win32
		{31D66C8A-2AC5-4564-AB95-2F63B308F96B}.Release|x64.ActiveCfg = Release|x64
		{31D66C8A-2AC5-4564-AB95-2F63B308F96B}.Release|x64.Build.0 = Release|x64
		{1622C4EF-06A4-4DAA-9631-5D71B32858A2}.Debug|Any CPU.ActiveCfg = Debug|x64
		{1622C4EF-06A4-4DAA-9631-5D71B32858A2}.Debug|Any CPU.Build.0 = Debug|x64
		{1622C4EF-06A4-4DAA-9631-5D71B32858A2}.Debug|Win32.ActiveCfg = Debug|Win32
		{1622C4EF-06A4-4DAA-9631-5D71B32858A2}.Debug|Win32.Build.0 = Debug|Win32
		{1622C4EF-06A4-4DAA-9631-5D71B32858A2}.Debug|x64.ActiveCfg = Debug|x64
		{1622C4EF-06A4-4DAA-9631-5D71B32858A2}.Debug|x64.Build.0 = Debug|x64
		{1622C4EF-06A4-4DAA-9631-5D71B32858A2}.Release|Any CPU.ActiveCfg = Release|x64
		{1622C4EF-06A4-4DAA-9631-5D71B32858A2}.Release|Any CPU.Build.0 = Release|x64
		{1622C4EF-06A4-4DAA-9631-5D71B32858A2}.Release|Win32.ActiveCfg = Release|Win32
		{1622C4EF-06A4-4DAA-9631-5D71B32858A2}.Release|Win32.Build.0 = Release|Win32
		{1622C4EF-06A4-4DAA-9631-5D71B32858A2}.Release|x64.ActiveCfg = Release|x64
		{1622C4EF-06A4-4DAA-9631-5D71B32858A2}.Release|x64.Build.0 = Release|x64
		{271C2D02-B19D-4193-8D83-CC0F06E75F3D}.Debug|Any CPU.ActiveCfg = Debug|x64
		{271C2D02-B19D-4193-8D83-CC0F06E75F3D}.Debug|Any CPU.Build.0 = Debug|x64
		{271C2D02-B19D-4193-8D83-CC0F06E75F3D}.Debug|Win32.ActiveCfg = Debug|Win32
		{271C2D02-B19D-4193-8D83-CC0F06E75F3D}.Debug|Win32.Build.0 = Debug|Win32
		{271C2D02-B19D-4193-8D83-CC0F06E75F3D}.Debug|x64.ActiveCfg = Debug|x64
		{271C2D02-B19D-4193-8D83-CC0F06E75F3D}.Debug|x64.Build.0 = Debug|x64
		{271C2D02-B19D-4193-8D83-CC0F06E75F3D}.Release|Any CPU.ActiveCfg = Release|x64
		{271C2D02-B19D-4193-8D83-CC0F06E75F3D}.Release|Any CPU.Build.0 = Release|x64
		{271C2D02-B19D-4193-8D83-CC0F06E75F3D}.Release|Win32.ActiveCfg = Release|Win32
		{271C2D02-B19D-4193-8D83-CC0F06E75F3D}.Release|Win32.Build.0 = Release|Win32
		{271C2D02-B19D-4193-8D83-CC0F06E75F3D}.Release|x64.ActiveCfg = Release|x64
		{271C2D02-B19D-4193-8D83-CC0F06E75F3D}.Release|x64.Build.0 = Release|x64
		{50073D4B-E2EF-4FA5-9868-380C4A4DAE0C}.Debug|Any CPU.ActiveCfg = Debug|x64
		{50073D4B-E2EF-4FA5-9868-380C4A4DAE0C}.Debug|Any CPU.Build.0 = Debug|x64
		{50073D4B-E2EF-4FA5-9868-380C4A4DAE0C}.Debug|Win32.ActiveCfg = Debug|Win32
		{50073D4B-E2EF-4FA5-9868-380C4A4DAE0C}.Debug|Win32.Build.0 = Debug|Win32
		{50073D4B-E2EF-4FA5-9868-380C4A4DAE0C}.Debug|x64.ActiveCfg = Debug|x64
		{50073D4B-E2EF-4FA5-9868-380C4A4DAE0C}.Debug|x64.Build.0 = Debug|x64
		{50073D4B-E2EF-4FA5-9868-380C4A4DAE0C}.Release|Any CPU.ActiveCfg = Release|x64
		{50073D4B-E2EF-4FA5-9868-380C4A4DAE0C}.Release|Any CPU.Build.0 = Release|x64
		{50073D4B-E2EF-4FA5-9868-380C4A4DAE0C}.Release|Win32.ActiveCfg = Release|Win32
		{50073D4B-E2EF-4FA5-9868-380C4A4DAE0C}.Release|Win32.Build.0 = Release|Win32
		{50073D4B-E2EF-4FA5-9868-380C4A4DAE0C}.Release|x64.ActiveCfg = Release|x64
		{50073D4B-E2EF-4FA5-9868-380C4A4DAE0C}.Release|x64.Build.0 = Release|x64
		{4C82474F-3B9A-4B92-AC74-2434CA1D5064}.Debug|Any CPU.ActiveCfg = Debug|x64
		{4C82474F-3B9A-4B92-AC74-2434CA1D5064}.Debug|Any CPU.Build.0 = Debug|x64
		{4C82474F-3B9A-4B92-AC74-2434CA1D5064}.Debug|Win32.ActiveCfg = Debug|Win32
		{4C82474F-3B9A-4B92-AC74-2434CA1D5064}.Debug|Win32.Build.0 = Debug|Win32
		{4C82474F-3B9A-4B92-AC74-2434CA1D5064}.Debug|x64.ActiveCfg = Debug|x64
		{4C82474F-3B9A-4B92-AC74-2434CA1D5064}.Debug|x64.Build.0 = Debug|x64
		{4C82474F-3B9A-4B92-AC74-2434CA1D5064}.Release|Any CPU.ActiveCfg = Release|x64
		{4C82474F-3B9A-4B92-AC74-2434CA1D5064}.Release|Any CPU.Build.0 = Release|x64
		{4C82474F-3B9A-4B92-AC74-2434CA1D5064}.Release|Win32.ActiveCfg = Release|Win32
		{4C82474F-3B9A-4B92-AC74-2434CA1D5064}.Release|Win32.Build.0 = Release|Win32
		{4C82474F-3B9A-4B92-AC74-2434CA1D5064}.Release|x64.ActiveCfg = Release|x64
		{4C82474F-3B9A-4B92-AC74-2434CA1D5064}.Release|x64.Build.0 = Release|x64
		{3E24DA78-24E3-41D2-9066-54C75BE13B90}.Debug|Any CPU.ActiveCfg = Debug|x64
		{3E24DA78-24E3-41D2-9066-54C75BE13B90}.Debug|Any CPU.Build.0 = Debug|x64
		{3E24DA78-24E3-41D2-9066-54C75BE13B90}.Debug|Win32.ActiveCfg = Debug|Win32
		{3E24DA78-24E3-41D2-9066-54C75BE13B90}.Debug|Win32.Build.0 = Debug|Win32
		{3E24DA78-24E3-41D2-9066-54C75BE13B90}.Debug|x64.ActiveCfg = Debug|x64
		{3E24DA78-24E3-41D2-9066-54C75BE13B90}.Debug|x64.Build.0 = Debug|x64
		{3E24DA78-24E3-41D2-9066-54C75BE13B90}.Release|Any CPU.ActiveCfg = Release|x64
		{3E24DA78-24E3-41D2-9066-54C75BE13B90}.Release|Any CPU.Build.0 = Release|x64
		{3E24DA78-24E3-41D2-9066-54C75BE13B90}.Release|Win32.ActiveCfg = Release|Win32
		{3E24DA78-24E3-41D2-9066-54C75BE13B90}.Release|Win32.Build.0 = Release|Win32
		{3E24DA78-24E3-41D2-9066-54C75BE13B90}.Release|x64.ActiveCfg = Release|x64
		{3E24DA78-24E3-41D2-9066-54C75BE13B90}.Release|x64.Build.0 = Release|x64
		{E89969DE-D5F1-44C5-81AF-A4283851090B}.Debug|Any CPU.ActiveCfg = Debug|x64
		{E89969DE-D5F1-44C5-81AF-A4283851090B}.Debug|Any CPU.Build.0 = Debug|x64
		{E89969DE-D5F1-44C5-81AF-A4283851090B}.Debug|Win32.ActiveCfg = Debug|Win32
		{E89969DE-D5F1-44C5-81AF-A4283851090B}.Debug|Win32.Build.0 = Debug|Win32
		{E89969DE-D5F1-44C5-81AF-A4283851090B}.Debug|x64.ActiveCfg = Debug|x64
		{E89969DE-D5F1-44C5-81AF-A4283851090B}.Debug|x64.Build.0 = Debug|x64
		{E89969DE-D5F1-44C5-81AF-A4283851090B}.Release|Any CPU.ActiveCfg = Release|x64
		{E89969DE-D5F1-44C5-81AF-A4283851090B}.Release|Any CPU.Build.0 = Release|x64
		{E89969DE-D5F1-44C5-81AF-A4283851090B}.Release|Win32.ActiveCfg = Release|Win32
		{E89969DE-D5F1-44C5-81AF-A4283851090B}.Release|Win32.Build.0 = Release|Win32
		{E89969DE-D5F1-44C5-81AF-A4283851090B}.Release|x64.ActiveCfg = Release|x64
		{E89969DE-D5F1-44C5-81AF-A4283851090B}.Release|x64.Build.0 = Release|x64
		{C809D7A3-6C52-4E36-8582-00CED929317D}.Debug|Any CPU.ActiveCfg = Debug|x64
		{C809D7A3-6C52-4E36-8582-00CED929317D}.Debug|Any CPU.Build.0 = Debug|x64
		{C809D7A3-6C52-4E36-8582-00CED929317D}.Debug|Win32.ActiveCfg = Debug|Win32
		{C809D7A3-6C52-4E36-8582-00CED929317D}.Debug|Win32.Build.0 = Debug|Win32
		{C809D7A3-6C52-4E36-8582-00CED929317D}.Debug|x64.ActiveCfg = Debug|x64
		{C809D7A3-6C52-4E36-8582-00CED929317D}.Debug|x64.Build.0 = Debug|x64
		{C809D7A3-6C52-4E36-8582-00CED929317D}.Release|Any CPU.ActiveCfg = Release|x64
		{C809D7A3-6C52-4E36-8582-00CED929317D}.Release|Any CPU.Build.0 = Release|x64
		{C809D7A3-6C52-4E36-8582-00CED929317D}.Release|Win32.ActiveCfg = Release|Win32
		{C809D7A3-6C52-4E36-8582-00CED929317D}.Release|Win32.Build.0 = Release|Win32
		{C809D7A3-6C52-4E36-8582-00CED929317D}.Release|x64.ActiveCfg = Release|x64
		{C809D7A3-6C52-4E36-8582-00CED929317D}.Release|x64.Build.0 = Release|x64
		{3E68D81A-DBC0-47B4-912B-7C9EFCE28B6F}.Debug|Any CPU.ActiveCfg = Debug|x64
		{3E68D81A-DBC0-47B4-912B-7C9EFCE28B6F}.Debug|Any CPU.Build.0 = Debug|x64
		{3E68D81A-DBC0-47B4-912B-7C9EFCE28B6F}.Debug|Win32.ActiveCfg = Debug|Win32
		{3E68D81A-DBC0-47B4-912B-7C9EFCE28B6F}.Debug|Win32.Build.0 = Debug|Win32
		{3E68D81A-DBC0-47B4-912B-7C9EFCE28B6F}.Debug|x64.ActiveCfg = Debug|x64
		{3E68D81A-DBC0-47B4-912B-7C9EFCE28B6F}.Debug|x64.Build.0 = Debug|x64
		{3E68D81A-DBC0-47B4-912B-7C9EFCE28B6F}.Release|Any CPU.ActiveCfg = Release|x64
		{3E68D81A-DBC0-47B4-912B-7C9EFCE28B6F}.Release|Any CPU.Build.0 = Release|x64
		{3E68D81A-DBC0-47B4-912B-7C9EFCE28B6F}.Release|Win32.ActiveCfg = Release|Win32
		{3E68D81A-DBC0-47B4-912B-7C9EFCE28B6F}.Release|Win32.Build.0 = Release|Win32
		{3E68D81A-DBC0-47B4-912B-7C9EFCE28B6F}.Release|x64.ActiveCfg = Release|x64
		{3E68D81A-DBC0-47B4-912B-7C9EFCE28B6F}.Release|x64.Build.0 = Release|x64
		{01D91BBC-3CC1-464A-A04F-E0C73FBC0938}.Debug|Any CPU.ActiveCfg = Debug|x64
		{01D91BBC-3CC1-464A-A04F-E0C73FBC0938}.Debug|Any CPU.Build.0 = Debug|x64
		{01D91BBC-3CC1-464A-A04F-E0C73FBC0938}.Debug|Win32.ActiveCfg = Debug|Win32
		{01D91BBC-3CC1-464A-A04F-E0C73FBC0938}.Debug|Win32.Build.0 = Debug|Win32
		{01D91BBC-3CC1-464A-A04F-E0C73FBC0938}.Debug|x64.ActiveCfg = Debug|x64
		{01D91BBC-3CC1-464A-A04F-E0C73FBC0938}.Debug|x64.Build.0 = Debug|x64
		{01D91BBC-3CC1-464A-A04F-E0C73FBC0938}.Release|Any CPU.ActiveCfg = Release|x64
		{01D91BBC-3CC1-464A-A04F-E0C73FBC0938}.Release|Any CPU.Build.0 = Release|x64
		{01D91BBC-3CC1-464A-A04F-E0C73FBC0938}.Release|Win32.ActiveCfg = Release|Win32
		{01D91BBC-3CC1-464A-A04F-E0C73FBC0938}.Release|Win32.Build.0 = Release|Win32
		{01D91BBC-3CC1-464A-A04F-E0C73FBC0938}.Release|x64.ActiveCfg = Release|x64
		{01D91BBC-3CC1-464A-A04F-E0C73FBC0938}.Release|x64.Build.0 = Release|x64
		{F4B32DF8-0820-419E-B80A-6B3D4522910C}.Debug|Any CPU.ActiveCfg = Debug|x64
		{F4B32DF8-0820-419E-B80A-6B3D4522910C}.Debug|Any CPU.Build.0 = Debug|x64
		{F4B32DF8-0820-419E-B80A-6B3D4522910C}.Debug|Win32.ActiveCfg = Debug|Win32
		{F4B32DF8-0820-419E-B80A-6B3D4522910C}.Debug|Win32.Build.0 = Debug|Win32
		{F4B32DF8-0820-419E-B80A-6B3D4522910C}.Debug|x64.ActiveCfg = Debug|x64
		{F4B32DF8-0820-419E-B80A-6B3D4522910C}.Debug|x64.Build.0 = Debug|x64
		{F4B32DF8-0820-419E-B80A-6B3D4522910C}.Release|Any CPU.ActiveCfg = Release|x64
		{F4B32DF8-0820-419E-B80A-6B3D4522910C}.Release|Any CPU.Build.0 = Release|x64
		{F4B32DF8-0820-419E-B80A-6B3D4522910C}.Release|Win32.ActiveCfg = Release|Win32
		{F4B32DF8-0820-419E-B80A-6B3D4522910C}.Release|Win32.Build.0 = Release|Win32
		{F4B32DF8-0820-419E-B80A-6B3D4522910C}.Release|x64.ActiveCfg = Release|x64
		{F4B32DF8-0820-419E-B80A-6B3D4522910C}.Release|x64.Build.0 = Release|x64
		{CC300A30-5BEB-42F0-8DD9-D652FA5662AB}.Debug|Any CPU.ActiveCfg = Debug|x64
		{CC300A30-5BEB-42F0-8DD9-D652FA5662AB}.Debug|Any CPU.Build.0 = Debug|x64
		{CC300A30-5BEB-42F0-8DD9-D652FA5662AB}.Debug|Win32.ActiveCfg = Debug|Win32
		{CC300A30-5BEB-42F0-8DD9-D652FA5662AB}.Debug|Win32.Build.0 = Debug|Win32
		{CC300A30-5BEB-42F0-8DD9-D652FA5662AB}.Debug|x64.ActiveCfg = Debug|x64
		{CC300A30-5BEB-42F0-8DD9-D652FA5662AB}.Debug|x64.Build.0 = Debug|x64
		{CC300A30-5BEB-42F0-8DD9-D652FA5662AB}.Release|Any CPU.ActiveCfg = Release|x64
		{CC300A30-5BEB-42F0-8DD9-D652FA5662AB}.Release|Any CPU.Build.0 = Release|x64
		{CC300A30-5BEB-42F0-8DD9-D652FA5662AB}.Release|Win32.ActiveCfg = Release|Win32
		{CC300A30-5BEB-42F0-8DD9-D652FA5662AB}.Release|Win32.Build.0 = Release|Win32
		{CC300A30-5BEB-42F0-8DD9-D652FA5662AB}.Release|x64.ActiveCfg = Release|x64
		{CC300A30-5BEB-42F0-8DD9-D652FA5662AB}.Release|x64.Build.0 = Release|x64
		{88714303-76F4-44A7-96F1-D7B5084BE739}.Debug|Any CPU.ActiveCfg = Debug|Any CPU
		{88714303-76F4-44A7-96F1-D7B5084BE739}.Debug|Win32.ActiveCfg = Debug|Any CPU
		{88714303-76F4-44A7-96F1-D7B5084BE739}.Debug|x64.ActiveCfg = Debug|Any CPU
		{88714303-76F4-44A7-96F1-D7B5084BE739}.Release|Any CPU.ActiveCfg = Release|Any CPU
		{88714303-76F4-44A7-96F1-D7B5084BE739}.Release|Win32.ActiveCfg = Release|Any CPU
		{88714303-76F4-44A7-96F1-D7B5084BE739}.Release|x64.ActiveCfg = Release|Any CPU
		{EF99B7C7-798D-448F-A21C-3BE4E9AF55C1}.Debug|Any CPU.ActiveCfg = Debug|Any CPU
		{EF99B7C7-798D-448F-A21C-3BE4E9AF55C1}.Debug|Win32.ActiveCfg = Debug|Any CPU
		{EF99B7C7-798D-448F-A21C-3BE4E9AF55C1}.Debug|x64.ActiveCfg = Debug|Any CPU
		{EF99B7C7-798D-448F-A21C-3BE4E9AF55C1}.Release|Any CPU.ActiveCfg = Release|Any CPU
		{EF99B7C7-798D-448F-A21C-3BE4E9AF55C1}.Release|Win32.ActiveCfg = Release|Any CPU
		{EF99B7C7-798D-448F-A21C-3BE4E9AF55C1}.Release|x64.ActiveCfg = Release|Any CPU
		{EF99B7C7-798D-448F-A21C-3BE4E9AF55C2}.Debug|Any CPU.ActiveCfg = Debug|Any CPU
		{EF99B7C7-798D-448F-A21C-3BE4E9AF55C2}.Debug|Win32.ActiveCfg = Debug|Any CPU
		{EF99B7C7-798D-448F-A21C-3BE4E9AF55C2}.Debug|x64.ActiveCfg = Debug|Any CPU
		{EF99B7C7-798D-448F-A21C-3BE4E9AF55C2}.Release|Any CPU.ActiveCfg = Release|Any CPU
		{EF99B7C7-798D-448F-A21C-3BE4E9AF55C2}.Release|Win32.ActiveCfg = Release|Any CPU
		{EF99B7C7-798D-448F-A21C-3BE4E9AF55C2}.Release|x64.ActiveCfg = Release|Any CPU
		{74C9BEB2-2C87-4833-8438-33DAF0705C50}.Debug|Any CPU.ActiveCfg = Debug|x64
		{74C9BEB2-2C87-4833-8438-33DAF0705C50}.Debug|Any CPU.Build.0 = Debug|x64
		{74C9BEB2-2C87-4833-8438-33DAF0705C50}.Debug|Win32.ActiveCfg = Debug|Win32
		{74C9BEB2-2C87-4833-8438-33DAF0705C50}.Debug|Win32.Build.0 = Debug|Win32
		{74C9BEB2-2C87-4833-8438-33DAF0705C50}.Debug|x64.ActiveCfg = Debug|x64
		{74C9BEB2-2C87-4833-8438-33DAF0705C50}.Debug|x64.Build.0 = Debug|x64
		{74C9BEB2-2C87-4833-8438-33DAF0705C50}.Release|Any CPU.ActiveCfg = Release|x64
		{74C9BEB2-2C87-4833-8438-33DAF0705C50}.Release|Any CPU.Build.0 = Release|x64
		{74C9BEB2-2C87-4833-8438-33DAF0705C50}.Release|Win32.ActiveCfg = Release|Win32
		{74C9BEB2-2C87-4833-8438-33DAF0705C50}.Release|Win32.Build.0 = Release|Win32
		{74C9BEB2-2C87-4833-8438-33DAF0705C50}.Release|x64.ActiveCfg = Release|x64
		{74C9BEB2-2C87-4833-8438-33DAF0705C50}.Release|x64.Build.0 = Release|x64
		{B5CA8C94-9973-44A4-912D-500FBDE0BC96}.Debug|Any CPU.ActiveCfg = Debug|x64
		{B5CA8C94-9973-44A4-912D-500FBDE0BC96}.Debug|Any CPU.Build.0 = Debug|x64
		{B5CA8C94-9973-44A4-912D-500FBDE0BC96}.Debug|Win32.ActiveCfg = Debug|Win32
		{B5CA8C94-9973-44A4-912D-500FBDE0BC96}.Debug|Win32.Build.0 = Debug|Win32
		{B5CA8C94-9973-44A4-912D-500FBDE0BC96}.Debug|x64.ActiveCfg = Debug|x64
		{B5CA8C94-9973-44A4-912D-500FBDE0BC96}.Debug|x64.Build.0 = Debug|x64
		{B5CA8C94-9973-44A4-912D-500FBDE0BC96}.Release|Any CPU.ActiveCfg = Release|x64
		{B5CA8C94-9973-44A4-912D-500FBDE0BC96}.Release|Any CPU.Build.0 = Release|x64
		{B5CA8C94-9973-44A4-912D-500FBDE0BC96}.Release|Win32.ActiveCfg = Release|Win32
		{B5CA8C94-9973-44A4-912D-500FBDE0BC96}.Release|Win32.Build.0 = Release|Win32
		{B5CA8C94-9973-44A4-912D-500FBDE0BC96}.Release|x64.ActiveCfg = Release|x64
		{B5CA8C94-9973-44A4-912D-500FBDE0BC96}.Release|x64.Build.0 = Release|x64
		{A0D937C5-9297-4183-A64C-F9294334C642}.Debug|Any CPU.ActiveCfg = Debug|x64
		{A0D937C5-9297-4183-A64C-F9294334C642}.Debug|Any CPU.Build.0 = Debug|x64
		{A0D937C5-9297-4183-A64C-F9294334C642}.Debug|Win32.ActiveCfg = Debug|Win32
		{A0D937C5-9297-4183-A64C-F9294334C642}.Debug|Win32.Build.0 = Debug|Win32
		{A0D937C5-9297-4183-A64C-F9294334C642}.Debug|x64.ActiveCfg = Debug|x64
		{A0D937C5-9297-4183-A64C-F9294334C642}.Debug|x64.Build.0 = Debug|x64
		{A0D937C5-9297-4183-A64C-F9294334C642}.Release|Any CPU.ActiveCfg = Release|x64
		{A0D937C5-9297-4183-A64C-F9294334C642}.Release|Any CPU.Build.0 = Release|x64
		{A0D937C5-9297-4183-A64C-F9294334C642}.Release|Win32.ActiveCfg = Release|Win32
		{A0D937C5-9297-4183-A64C-F9294334C642}.Release|Win32.Build.0 = Release|Win32
		{A0D937C5-9297-4183-A64C-F9294334C642}.Release|x64.ActiveCfg = Release|x64
		{A0D937C5-9297-4183-A64C-F9294334C642}.Release|x64.Build.0 = Release|x64
	EndGlobalSection
	GlobalSection(SolutionProperties) = preSolution
		HideSolutionNode = FALSE
	EndGlobalSection
	GlobalSection(NestedProjects) = preSolution
		{C809D7A3-6C52-4E36-8582-00CED929317F} = {302014D6-E119-4F87-89FE-58B605B21254}
		{F4F0DBBD-994A-41B1-8F5D-60AD8F8E4C8A} = {AFFDA6C0-D2CE-421C-8B55-7A55284D9427}
		{C26833B7-8721-41F0-BA67-CBC4D5ADCD23} = {6DC1E51E-CC0D-4775-8A78-E94B83B25381}
		{A775AF9C-16A0-466C-8A59-9597CCCBFD4A} = {1E1B2F4F-39A1-496B-9FE8-813E1E743B30}
		{9A50CEF3-B480-4287-A8EB-E1EF808020C1} = {1E1B2F4F-39A1-496B-9FE8-813E1E743B30}
		{C064ABEE-F004-4176-A8A7-FCE597DA056E} = {A775AF9C-16A0-466C-8A59-9597CCCBFD4A}
		{611B6C4C-7C3E-4C26-A989-E2DC0D6BAF9A} = {A775AF9C-16A0-466C-8A59-9597CCCBFD4A}
		{7ACF4A32-088E-4D63-B431-C9EC117BB0F5} = {A775AF9C-16A0-466C-8A59-9597CCCBFD4A}
		{1E1B2F4F-39A1-496B-9FE8-813E1E743B30} = {A7AA50AB-F5B8-47DF-BA9E-07301E27B46D}
		{1DBDF00B-B821-440B-8AC1-1D561F2ABFB9} = {AFFDA6C0-D2CE-421C-8B55-7A55284D9427}
		{E97C6131-4CB4-4B1E-BEDF-BB86DF044DA5} = {AFFDA6C0-D2CE-421C-8B55-7A55284D9427}
		{039CFE6E-B8BF-4C72-9D57-22B6BEB0BBAA} = {AFFDA6C0-D2CE-421C-8B55-7A55284D9427}
		{31D66C8A-2AC5-4564-AB95-2F63B308F96B} = {AFFDA6C0-D2CE-421C-8B55-7A55284D9427}
		{1622C4EF-06A4-4DAA-9631-5D71B32858A2} = {1E1B2F4F-39A1-496B-9FE8-813E1E743B30}
		{271C2D02-B19D-4193-8D83-CC0F06E75F3D} = {9A50CEF3-B480-4287-A8EB-E1EF808020C1}
		{50073D4B-E2EF-4FA5-9868-380C4A4DAE0C} = {C064ABEE-F004-4176-A8A7-FCE597DA056E}
		{4C82474F-3B9A-4B92-AC74-2434CA1D5064} = {611B6C4C-7C3E-4C26-A989-E2DC0D6BAF9A}
		{3E24DA78-24E3-41D2-9066-54C75BE13B90} = {7ACF4A32-088E-4D63-B431-C9EC117BB0F5}
		{E89969DE-D5F1-44C5-81AF-A4283851090B} = {7ACF4A32-088E-4D63-B431-C9EC117BB0F5}
		{C809D7A3-6C52-4E36-8582-00CED929317D} = {1E1B2F4F-39A1-496B-9FE8-813E1E743B30}
		{4A5F07C0-8A0A-4055-A7CC-566C857D4B7B} = {A775AF9C-16A0-466C-8A59-9597CCCBFD4A}
		{3E68D81A-DBC0-47B4-912B-7C9EFCE28B6F} = {4A5F07C0-8A0A-4055-A7CC-566C857D4B7B}
		{01D91BBC-3CC1-464A-A04F-E0C73FBC0938} = {AFFDA6C0-D2CE-421C-8B55-7A55284D9427}
		{F4B32DF8-0820-419E-B80A-6B3D4522910C} = {AFFDA6C0-D2CE-421C-8B55-7A55284D9427}
		{CC300A30-5BEB-42F0-8DD9-D652FA5662AB} = {302014D6-E119-4F87-89FE-58B605B21254}
		{88714303-76F4-44A7-96F1-D7B5084BE739} = {C4BD77A0-77B3-4938-AA0C-CB1D63076EA9}
		{EF99B7C7-798D-448F-A21C-3BE4E9AF55C1} = {C4BD77A0-77B3-4938-AA0C-CB1D63076EA9}
		{EF99B7C7-798D-448F-A21C-3BE4E9AF55C2} = {C4BD77A0-77B3-4938-AA0C-CB1D63076EA9}
		{74C9BEB2-2C87-4833-8438-33DAF0705C50} = {AFFDA6C0-D2CE-421C-8B55-7A55284D9427}
		{B5CA8C94-9973-44A4-912D-500FBDE0BC96} = {67200AEA-444F-4289-9F65-D9C60B68741C}
		{A0D937C5-9297-4183-A64C-F9294334C642} = {67200AEA-444F-4289-9F65-D9C60B68741C}
	EndGlobalSection
	GlobalSection(ExtensibilityGlobals) = postSolution
		SolutionGuid = {8D0544B9-1F3D-447C-B071-0078E50D9328}
	EndGlobalSection
EndGlobal
