<?xml version="1.0" encoding="utf-8"?>
<Project ToolsVersion="4.0" xmlns="http://schemas.microsoft.com/developer/msbuild/2003">
  <ItemGroup>
    <ClCompile Include="..\..\src\Synet\Network.cpp" />
    <ClCompile Include="..\..\src\Synet\Utils\SetInput.cpp">
      <Filter>Utils</Filter>
    </ClCompile>
    <ClCompile Include="..\..\src\Synet\Utils\Activation.cpp">
      <Filter>Utils</Filter>
    </ClCompile>
    <ClCompile Include="..\..\src\Synet\Layers\ActivationLayers.cpp">
      <Filter>Layers</Filter>
    </ClCompile>
    <ClCompile Include="..\..\src\Synet\Layers\ArgMaxLayer.cpp">
      <Filter>Layers</Filter>
    </ClCompile>
    <ClCompile Include="..\..\src\Synet\Layers\BinaryOperationLayer.cpp">
      <Filter>Layers</Filter>
    </ClCompile>
    <ClCompile Include="..\..\src\Synet\Layers\UnaryOperationLayer.cpp">
      <Filter>Layers</Filter>
    </ClCompile>
    <ClCompile Include="..\..\src\Synet\Layers\GridSampleLayer.cpp">
      <Filter>Layers</Filter>
    </ClCompile>
    <ClCompile Include="..\..\src\Synet\Layers\ConcatLayer.cpp">
      <Filter>Layers</Filter>
    </ClCompile>
    <ClCompile Include="..\..\src\Synet\Layers\PriorBoxClusteredLayer.cpp">
      <Filter>Layers</Filter>
    </ClCompile>
    <ClCompile Include="..\..\src\Synet\Layers\PriorBoxLayer.cpp">
      <Filter>Layers</Filter>
    </ClCompile>
    <ClCompile Include="..\..\src\Synet\Layers\TopKLayer.cpp">
      <Filter>Layers</Filter>
    </ClCompile>
    <ClCompile Include="..\..\src\Synet\Layers\GatherLayer.cpp">
      <Filter>Layers</Filter>
    </ClCompile>
    <ClCompile Include="..\..\src\Synet\Layers\FlattenLayer.cpp">
      <Filter>Layers</Filter>
    </ClCompile>
    <ClCompile Include="..\..\src\Synet\Layers\PadLayer.cpp">
      <Filter>Layers</Filter>
    </ClCompile>
    <ClCompile Include="..\..\src\Synet\Layers\ScaleLayer.cpp">
      <Filter>Layers</Filter>
    </ClCompile>
    <ClCompile Include="..\..\src\Synet\Layers\CompareLayer.cpp">
      <Filter>Layers</Filter>
    </ClCompile>
    <ClCompile Include="..\..\src\Synet\Layers\CastLayer.cpp">
      <Filter>Layers</Filter>
    </ClCompile>
    <ClCompile Include="..\..\src\Synet\Layers\ReductionLayer.cpp">
      <Filter>Layers</Filter>
    </ClCompile>
    <ClCompile Include="..\..\src\Synet\Layers\WhereLayer.cpp">
      <Filter>Layers</Filter>
    </ClCompile>
    <ClCompile Include="..\..\src\Synet\Layers\MetaLayer.cpp">
      <Filter>Layers</Filter>
    </ClCompile>
    <ClCompile Include="..\..\src\Synet\Layers\ConstantOfShapeLayer.cpp">
      <Filter>Layers</Filter>
    </ClCompile>
    <ClCompile Include="..\..\src\Synet\Layers\PowerLayer.cpp">
      <Filter>Layers</Filter>
    </ClCompile>
    <ClCompile Include="..\..\src\Synet\Layers\ConstLayer.cpp">
      <Filter>Layers</Filter>
    </ClCompile>
    <ClCompile Include="..\..\src\Synet\Layers\DeconvolutionLayer.cpp">
      <Filter>Layers</Filter>
    </ClCompile>
    <ClCompile Include="..\..\src\Synet\Layers\CtcGreedyDecoderLayer.cpp">
      <Filter>Layers</Filter>
    </ClCompile>
    <ClCompile Include="..\..\src\Synet\Layers\SoftmaxLayer.cpp">
      <Filter>Layers</Filter>
    </ClCompile>
    <ClCompile Include="..\..\src\Synet\Layers\StubLayer.cpp">
      <Filter>Layers</Filter>
    </ClCompile>
    <ClCompile Include="..\..\src\Synet\Layers\BiasLayer.cpp">
      <Filter>Layers</Filter>
    </ClCompile>
    <ClCompile Include="..\..\src\Synet\Layers\UnpackLayer.cpp">
      <Filter>Layers</Filter>
    </ClCompile>
    <ClCompile Include="..\..\src\Synet\Layers\NormalizeLayer.cpp">
      <Filter>Layers</Filter>
    </ClCompile>
    <ClCompile Include="..\..\src\Synet\Layers\InputLayer.cpp">
      <Filter>Layers</Filter>
    </ClCompile>
    <ClCompile Include="..\..\src\Synet\Layers\TileLayer.cpp">
      <Filter>Layers</Filter>
    </ClCompile>
    <ClCompile Include="..\..\src\Synet\Layers\SqueezeLayer.cpp">
      <Filter>Layers</Filter>
    </ClCompile>
    <ClCompile Include="..\..\src\Synet\Layers\NonZeroLayer.cpp">
      <Filter>Layers</Filter>
    </ClCompile>
    <ClCompile Include="..\..\src\Synet\Layers\StridedSliceLayer.cpp">
      <Filter>Layers</Filter>
    </ClCompile>
    <ClCompile Include="..\..\src\Synet\Layers\DetectionOutputLayer.cpp">
      <Filter>Layers</Filter>
    </ClCompile>
    <ClCompile Include="..\..\src\Synet\Layers\PermuteLayer.cpp">
      <Filter>Layers</Filter>
    </ClCompile>
    <ClCompile Include="..\..\src\Synet\Layers\PreluLayer.cpp">
      <Filter>Layers</Filter>
    </ClCompile>
    <ClCompile Include="..\..\src\Synet\Layers\PoolingLayer.cpp">
      <Filter>Layers</Filter>
    </ClCompile>
    <ClCompile Include="..\..\src\Synet\Layers\ScaledDotProductAttentionLayer.cpp">
      <Filter>Layers</Filter>
    </ClCompile>
    <ClCompile Include="..\..\src\Synet\Layers\AddLayer.cpp">
      <Filter>Layers</Filter>
    </ClCompile>
    <ClCompile Include="..\..\src\Synet\Layers\MulLayer.cpp">
      <Filter>Layers</Filter>
    </ClCompile>
    <ClCompile Include="..\..\src\Synet\Layers\ConvolutionLayer.cpp">
      <Filter>Layers</Filter>
    </ClCompile>
    <ClCompile Include="..\..\src\Synet\Layers\Convolution32fLayer.cpp">
      <Filter>Layers</Filter>
    </ClCompile>
    <ClCompile Include="..\..\src\Synet\Layers\Convolution8iLayer.cpp">
      <Filter>Layers</Filter>
    </ClCompile>
    <ClCompile Include="..\..\src\Synet\Layers\Convolution16bLayer.cpp">
      <Filter>Layers</Filter>
    </ClCompile>
    <ClCompile Include="..\..\src\Synet\Layers\SqueezeExcitationLayer.cpp">
      <Filter>Layers</Filter>
    </ClCompile>
    <ClCompile Include="..\..\src\Synet\Layers\MergedConvolutionLayer.cpp">
      <Filter>Layers</Filter>
    </ClCompile>
    <ClCompile Include="..\..\src\Synet\Layers\MergedConvolution8iLayer.cpp">
      <Filter>Layers</Filter>
    </ClCompile>
    <ClCompile Include="..\..\src\Synet\Layers\MergedConvolution32fLayer.cpp">
      <Filter>Layers</Filter>
    </ClCompile>
    <ClCompile Include="..\..\src\Synet\Layers\MergedConvolution16bLayer.cpp">
      <Filter>Layers</Filter>
    </ClCompile>
    <ClCompile Include="..\..\src\Synet\Layers\InnerProduct8iLayer.cpp">
      <Filter>Layers</Filter>
    </ClCompile>
    <ClCompile Include="..\..\src\Synet\Layers\InnerProduct16bLayer.cpp">
      <Filter>Layers</Filter>
    </ClCompile>
    <ClCompile Include="..\..\src\Synet\Layers\InnerProduct32fLayer.cpp">
      <Filter>Layers</Filter>
    </ClCompile>
    <ClCompile Include="..\..\src\Synet\Layers\InnerProductLayer.cpp">
      <Filter>Layers</Filter>
    </ClCompile>
    <ClCompile Include="..\..\src\Synet\Layers\ShuffleLayer.cpp">
      <Filter>Layers</Filter>
    </ClCompile>
    <ClCompile Include="..\..\src\Synet\Layers\TiledScale2DLayer.cpp">
      <Filter>Layers</Filter>
    </ClCompile>
    <ClCompile Include="..\..\src\Synet\Layers\InterpLayer.cpp">
      <Filter>Layers</Filter>
    </ClCompile>
    <ClCompile Include="..\..\src\Synet\Layers\EltwiseLayer.cpp">
      <Filter>Layers</Filter>
    </ClCompile>
    <ClCompile Include="..\..\src\Synet\Layers\ExpandDimsLayer.cpp">
      <Filter>Layers</Filter>
    </ClCompile>
    <ClCompile Include="..\..\src\Synet\Layers\Legacy\BroadcastLayer.cpp">
      <Filter>Layers\Legacy</Filter>
    </ClCompile>
    <ClCompile Include="..\..\src\Synet\Layers\Legacy\LrnLayer.cpp">
      <Filter>Layers\Legacy</Filter>
    </ClCompile>
    <ClCompile Include="..\..\src\Synet\Layers\Legacy\FusedLayer.cpp">
      <Filter>Layers\Legacy</Filter>
    </ClCompile>
    <ClCompile Include="..\..\src\Synet\Layers\LstmLayer.cpp">
      <Filter>Layers</Filter>
    </ClCompile>
    <ClCompile Include="..\..\src\Synet\Layers\Legacy\RegionLayer.cpp">
      <Filter>Layers\Legacy</Filter>
    </ClCompile>
    <ClCompile Include="..\..\src\Synet\Layers\Legacy\ReorgLayer.cpp">
      <Filter>Layers\Legacy</Filter>
    </ClCompile>
    <ClCompile Include="..\..\src\Synet\Layers\ReshapeLayer.cpp">
      <Filter>Layers</Filter>
    </ClCompile>
    <ClCompile Include="..\..\src\Synet\Layers\ReverseSequenceLayer.cpp">
      <Filter>Layers</Filter>
    </ClCompile>
    <ClCompile Include="..\..\src\Synet\Layers\RnnGruBdLayer.cpp">
      <Filter>Layers</Filter>
    </ClCompile>
    <ClCompile Include="..\..\src\Synet\Layers\ScatterNdLayer.cpp">
      <Filter>Layers</Filter>
    </ClCompile>
    <ClCompile Include="..\..\src\Synet\Layers\SliceLayer.cpp">
      <Filter>Layers</Filter>
    </ClCompile>
    <ClCompile Include="..\..\src\Synet\Layers\SpaceToDepthLayer.cpp">
      <Filter>Layers</Filter>
    </ClCompile>
    <ClCompile Include="..\..\src\Synet\Layers\Legacy\SwitchLayer.cpp">
      <Filter>Layers\Legacy</Filter>
    </ClCompile>
    <ClCompile Include="..\..\src\Synet\Layers\TensorIteratorLayer.cpp">
      <Filter>Layers</Filter>
    </ClCompile>
    <ClCompile Include="..\..\src\Synet\Layers\Legacy\UpsampleLayer.cpp">
      <Filter>Layers\Legacy</Filter>
    </ClCompile>
    <ClCompile Include="..\..\src\Synet\Layers\YoloLayer.cpp">
      <Filter>Layers</Filter>
    </ClCompile>
    <ClCompile Include="..\..\src\Synet\Layers\YoloV7Layer.cpp">
      <Filter>Layers</Filter>
    </ClCompile>
    <ClCompile Include="..\..\src\Synet\Fabric.cpp" />
    <ClCompile Include="..\..\src\Synet\Layers\Deconvolution16bLayer.cpp">
      <Filter>Layers</Filter>
    </ClCompile>
    <ClCompile Include="..\..\src\Synet\Layers\Deconvolution32fLayer.cpp">
      <Filter>Layers</Filter>
    </ClCompile>
    <ClCompile Include="..\..\src\Synet\Utils\UniversalBinary.cpp">
      <Filter>Utils</Filter>
    </ClCompile>
    <ClCompile Include="..\..\src\Synet\Layers\Quantized\QuantizeLinearLayer.cpp">
      <Filter>Layers\Quantized</Filter>
    </ClCompile>
    <ClCompile Include="..\..\src\Synet\Layers\Quantized\DequantizeLinearLayer.cpp">
      <Filter>Layers\Quantized</Filter>
    </ClCompile>
    <ClCompile Include="..\..\src\Synet\Layers\Quantized\QuantizedConvolutionLayer.cpp">
      <Filter>Layers\Quantized</Filter>
    </ClCompile>
    <ClCompile Include="..\..\src\Synet\Layers\Quantized\QuantizedInnerProductLayer.cpp">
      <Filter>Layers\Quantized</Filter>
    </ClCompile>
  </ItemGroup>
  <ItemGroup>
    <ClInclude Include="..\..\src\Synet\Layer.h" />
    <ClInclude Include="..\..\src\Synet\Network.h" />
    <ClInclude Include="..\..\src\Synet\Params.h" />
    <ClInclude Include="..\..\src\Synet\Tensor.h" />
    <ClInclude Include="..\..\src\Synet\Utils\Activation.h">
      <Filter>Utils</Filter>
    </ClInclude>
    <ClInclude Include="..\..\src\Synet\Layers\BiasLayer.h">
      <Filter>Layers</Filter>
    </ClInclude>
    <ClInclude Include="..\..\src\Synet\Layers\BinaryOperationLayer.h">
      <Filter>Layers</Filter>
    </ClInclude>
    <ClInclude Include="..\..\src\Synet\Layers\CastLayer.h">
      <Filter>Layers</Filter>
    </ClInclude>
    <ClInclude Include="..\..\src\Synet\Layers\ConcatLayer.h">
      <Filter>Layers</Filter>
    </ClInclude>
    <ClInclude Include="..\..\src\Synet\Layers\ConstLayer.h">
      <Filter>Layers</Filter>
    </ClInclude>
    <ClInclude Include="..\..\src\Synet\Layers\ConvolutionLayer.h">
      <Filter>Layers</Filter>
    </ClInclude>
    <ClInclude Include="..\..\src\Synet\Layers\CtcGreedyDecoderLayer.h">
      <Filter>Layers</Filter>
    </ClInclude>
    <ClInclude Include="..\..\src\Synet\Layers\DeconvolutionLayer.h">
      <Filter>Layers</Filter>
    </ClInclude>
    <ClInclude Include="..\..\src\Synet\Layers\DetectionOutputLayer.h">
      <Filter>Layers</Filter>
    </ClInclude>
    <ClInclude Include="..\..\src\Synet\Layers\EltwiseLayer.h">
      <Filter>Layers</Filter>
    </ClInclude>
    <ClInclude Include="..\..\src\Synet\Layers\ExpandDimsLayer.h">
      <Filter>Layers</Filter>
    </ClInclude>
    <ClInclude Include="..\..\src\Synet\Layers\FlattenLayer.h">
      <Filter>Layers</Filter>
    </ClInclude>
    <ClInclude Include="..\..\src\Synet\Layers\GatherLayer.h">
      <Filter>Layers</Filter>
    </ClInclude>
    <ClInclude Include="..\..\src\Synet\Layers\InputLayer.h">
      <Filter>Layers</Filter>
    </ClInclude>
    <ClInclude Include="..\..\src\Synet\Layers\InterpLayer.h">
      <Filter>Layers</Filter>
    </ClInclude>
    <ClInclude Include="..\..\src\Synet\Utils\ConvParam.h">
      <Filter>Utils</Filter>
    </ClInclude>
    <ClInclude Include="..\..\src\Synet\Utils\Convolution.h">
      <Filter>Utils</Filter>
    </ClInclude>
    <ClInclude Include="..\..\src\Synet\Utils\DebugPrint.h">
      <Filter>Utils</Filter>
    </ClInclude>
    <ClInclude Include="..\..\src\Synet\Utils\Deconvolution.h">
      <Filter>Utils</Filter>
    </ClInclude>
    <ClInclude Include="..\..\src\Synet\Utils\Gemm.h">
      <Filter>Utils</Filter>
    </ClInclude>
    <ClInclude Include="..\..\src\Synet\Utils\ImgToCol.h">
      <Filter>Utils</Filter>
    </ClInclude>
    <ClInclude Include="..\..\src\Synet\Converters\InferenceEngine.h">
      <Filter>Converters</Filter>
    </ClInclude>
    <ClInclude Include="..\..\src\Synet\Converters\InferenceEngineBase.h">
      <Filter>Converters</Filter>
    </ClInclude>
    <ClInclude Include="..\..\src\Synet\Converters\InferenceEngineV10.h">
      <Filter>Converters</Filter>
    </ClInclude>
    <ClInclude Include="..\..\src\Synet\Layers\MergedConvolutionLayer.h">
      <Filter>Layers</Filter>
    </ClInclude>
    <ClInclude Include="..\..\src\Synet\Layers\InnerProductLayer.h">
      <Filter>Layers</Filter>
    </ClInclude>
    <ClInclude Include="..\..\src\Synet\Layers\MetaLayer.h">
      <Filter>Layers</Filter>
    </ClInclude>
    <ClInclude Include="..\..\src\Synet\Layers\NormalizeLayer.h">
      <Filter>Layers</Filter>
    </ClInclude>
    <ClInclude Include="..\..\src\Synet\Layers\PadLayer.h">
      <Filter>Layers</Filter>
    </ClInclude>
    <ClInclude Include="..\..\src\Synet\Layers\PermuteLayer.h">
      <Filter>Layers</Filter>
    </ClInclude>
    <ClInclude Include="..\..\src\Synet\Layers\PoolingLayer.h">
      <Filter>Layers</Filter>
    </ClInclude>
    <ClInclude Include="..\..\src\Synet\Layers\PowerLayer.h">
      <Filter>Layers</Filter>
    </ClInclude>
    <ClInclude Include="..\..\src\Synet\Layers\PriorBoxClusteredLayer.h">
      <Filter>Layers</Filter>
    </ClInclude>
    <ClInclude Include="..\..\src\Synet\Layers\PreluLayer.h">
      <Filter>Layers</Filter>
    </ClInclude>
    <ClInclude Include="..\..\src\Synet\Layers\PriorBoxLayer.h">
      <Filter>Layers</Filter>
    </ClInclude>
    <ClInclude Include="..\..\src\Synet\Layers\ReductionLayer.h">
      <Filter>Layers</Filter>
    </ClInclude>
    <ClInclude Include="..\..\src\Synet\Layers\ReshapeLayer.h">
      <Filter>Layers</Filter>
    </ClInclude>
    <ClInclude Include="..\..\src\Synet\Layers\ScaleLayer.h">
      <Filter>Layers</Filter>
    </ClInclude>
    <ClInclude Include="..\..\src\Synet\Layers\ShuffleLayer.h">
      <Filter>Layers</Filter>
    </ClInclude>
    <ClInclude Include="..\..\src\Synet\Layers\SliceLayer.h">
      <Filter>Layers</Filter>
    </ClInclude>
    <ClInclude Include="..\..\src\Synet\Layers\SoftmaxLayer.h">
      <Filter>Layers</Filter>
    </ClInclude>
    <ClInclude Include="..\..\src\Synet\Layers\SqueezeLayer.h">
      <Filter>Layers</Filter>
    </ClInclude>
    <ClInclude Include="..\..\src\Synet\Layers\StridedSliceLayer.h">
      <Filter>Layers</Filter>
    </ClInclude>
    <ClInclude Include="..\..\src\Synet\Layers\StubLayer.h">
      <Filter>Layers</Filter>
    </ClInclude>
    <ClInclude Include="..\..\src\Synet\Layers\UnaryOperationLayer.h">
      <Filter>Layers</Filter>
    </ClInclude>
    <ClInclude Include="..\..\src\Synet\Layers\UnpackLayer.h">
      <Filter>Layers</Filter>
    </ClInclude>
    <ClInclude Include="..\..\src\Synet\Layers\YoloLayer.h">
      <Filter>Layers</Filter>
    </ClInclude>
    <ClInclude Include="..\..\src\Synet\Layers\TileLayer.h">
      <Filter>Layers</Filter>
    </ClInclude>
    <ClInclude Include="..\..\src\Synet\Utils\SetInput.h">
      <Filter>Utils</Filter>
    </ClInclude>
    <ClInclude Include="..\..\src\Synet\Utils\Math.h">
      <Filter>Utils</Filter>
    </ClInclude>
    <ClInclude Include="..\..\src\Synet\Utils\MergedConvolution.h">
      <Filter>Utils</Filter>
    </ClInclude>
    <ClInclude Include="..\..\src\Synet\Converters\Optimizer.h">
      <Filter>Converters</Filter>
    </ClInclude>
    <ClInclude Include="..\..\src\Synet\Common.h" />
    <ClInclude Include="..\..\src\Synet\Buffer.h" />
    <ClInclude Include="..\..\src\Synet\Converters\Deoptimizer.h">
      <Filter>Converters</Filter>
    </ClInclude>
    <ClInclude Include="..\..\src\Synet\Utils\FileUtils.h">
      <Filter>Utils</Filter>
    </ClInclude>
    <ClInclude Include="..\..\src\Synet\Utils\Statistics.h">
      <Filter>Utils</Filter>
    </ClInclude>
    <ClInclude Include="..\..\src\Synet\Utils\Difference.h">
      <Filter>Utils</Filter>
    </ClInclude>
    <ClInclude Include="..\..\src\Synet\Layers\Convolution8iLayer.h">
      <Filter>Layers</Filter>
    </ClInclude>
    <ClInclude Include="..\..\src\Synet\Layers\Convolution32fLayer.h">
      <Filter>Layers</Filter>
    </ClInclude>
    <ClInclude Include="..\..\src\Synet\Quantization\Gemm.h">
      <Filter>Quantization</Filter>
    </ClInclude>
    <ClInclude Include="..\..\src\Synet\Quantization\Convert.h">
      <Filter>Quantization</Filter>
    </ClInclude>
    <ClInclude Include="..\..\src\Synet\Quantization\Const.h">
      <Filter>Quantization</Filter>
    </ClInclude>
    <ClInclude Include="..\..\src\Synet\Layers\SqueezeExcitationLayer.h">
      <Filter>Layers</Filter>
    </ClInclude>
    <ClInclude Include="..\..\src\Synet\Layers\AddLayer.h">
      <Filter>Layers</Filter>
    </ClInclude>
    <ClInclude Include="..\..\src\Synet\Quantization\Stat.h">
      <Filter>Quantization</Filter>
    </ClInclude>
    <ClInclude Include="..\..\src\Synet\Layers\MergedConvolution32fLayer.h">
      <Filter>Layers</Filter>
    </ClInclude>
    <ClInclude Include="..\..\src\Synet\Layers\MergedConvolution8iLayer.h">
      <Filter>Layers</Filter>
    </ClInclude>
    <ClInclude Include="..\..\src\Synet\Region.h" />
    <ClInclude Include="..\..\src\Synet\Converters\SynetUtils.h">
      <Filter>Converters</Filter>
    </ClInclude>
    <ClInclude Include="..\..\src\Synet\Layers\ReverseSequenceLayer.h">
      <Filter>Layers</Filter>
    </ClInclude>
    <ClInclude Include="..\..\src\Synet\Fabric.h" />
    <ClInclude Include="..\..\src\Synet\Layers\TensorIteratorLayer.h">
      <Filter>Layers</Filter>
    </ClInclude>
    <ClInclude Include="..\..\src\Synet\Utils\InnerProduct.h">
      <Filter>Utils</Filter>
    </ClInclude>
    <ClInclude Include="..\..\src\Synet\Context.h" />
    <ClInclude Include="..\..\src\Synet\Layers\RnnGruBdLayer.h">
      <Filter>Layers</Filter>
    </ClInclude>
    <ClInclude Include="..\..\src\Synet\Converters\OnnxRuntime.h">
      <Filter>Converters</Filter>
    </ClInclude>
    <ClInclude Include="..\..\src\Synet\Decoders\Ultraface.h">
      <Filter>Decoders</Filter>
    </ClInclude>
    <ClInclude Include="..\..\3rd\Cpl\src\Cpl\Args.h">
      <Filter>Cpl</Filter>
    </ClInclude>
    <ClInclude Include="..\..\3rd\Cpl\src\Cpl\Config.h">
      <Filter>Cpl</Filter>
    </ClInclude>
    <ClInclude Include="..\..\3rd\Cpl\src\Cpl\Console.h">
      <Filter>Cpl</Filter>
    </ClInclude>
    <ClInclude Include="..\..\3rd\Cpl\src\Cpl\Defs.h">
      <Filter>Cpl</Filter>
    </ClInclude>
    <ClInclude Include="..\..\3rd\Cpl\src\Cpl\File.h">
      <Filter>Cpl</Filter>
    </ClInclude>
    <ClInclude Include="..\..\3rd\Cpl\src\Cpl\Log.h">
      <Filter>Cpl</Filter>
    </ClInclude>
    <ClInclude Include="..\..\3rd\Cpl\src\Cpl\Param.h">
      <Filter>Cpl</Filter>
    </ClInclude>
    <ClInclude Include="..\..\3rd\Cpl\src\Cpl\Performance.h">
      <Filter>Cpl</Filter>
    </ClInclude>
    <ClInclude Include="..\..\3rd\Cpl\src\Cpl\String.h">
      <Filter>Cpl</Filter>
    </ClInclude>
    <ClInclude Include="..\..\3rd\Cpl\src\Cpl\Xml.h">
      <Filter>Cpl</Filter>
    </ClInclude>
    <ClInclude Include="..\..\3rd\Cpl\src\Cpl\Yaml.h">
      <Filter>Cpl</Filter>
    </ClInclude>
    <ClInclude Include="..\..\3rd\Cpl\src\Cpl\Html.h">
      <Filter>Cpl</Filter>
    </ClInclude>
    <ClInclude Include="..\..\3rd\Cpl\src\Cpl\Table.h">
      <Filter>Cpl</Filter>
    </ClInclude>
    <ClInclude Include="..\..\src\Synet\Decoders\Anchor.h">
      <Filter>Decoders</Filter>
    </ClInclude>
    <ClInclude Include="..\..\src\Synet\Layers\ActivationLayers.h">
      <Filter>Layers</Filter>
    </ClInclude>
    <ClInclude Include="..\..\src\Synet\Version.h" />
    <ClInclude Include="..\..\src\Synet\Layers\TopKLayer.h">
      <Filter>Layers</Filter>
    </ClInclude>
    <ClInclude Include="..\..\src\Synet\Quantization\Bf16.h">
      <Filter>Quantization</Filter>
    </ClInclude>
    <ClInclude Include="..\..\src\Synet\Decoders\YoloV5.h">
      <Filter>Decoders</Filter>
    </ClInclude>
    <ClInclude Include="..\..\src\Synet\Layers\ArgMaxLayer.h">
      <Filter>Layers</Filter>
    </ClInclude>
    <ClInclude Include="..\..\src\Synet\Layers\LstmLayer.h">
      <Filter>Layers</Filter>
    </ClInclude>
    <ClInclude Include="..\..\src\Synet\Layers\SpaceToDepthLayer.h">
      <Filter>Layers</Filter>
    </ClInclude>
    <ClInclude Include="..\..\src\Synet\Decoders\YoloV7.h">
      <Filter>Decoders</Filter>
    </ClInclude>
    <ClInclude Include="..\..\src\Synet\Layers\YoloV7Layer.h">
      <Filter>Layers</Filter>
    </ClInclude>
    <ClInclude Include="..\..\src\Synet\Layers\ScatterNdLayer.h">
      <Filter>Layers</Filter>
    </ClInclude>
    <ClInclude Include="..\..\src\Synet\Layers\CompareLayer.h">
      <Filter>Layers</Filter>
    </ClInclude>
    <ClInclude Include="..\..\src\Synet\Layers\ConstantOfShapeLayer.h">
      <Filter>Layers</Filter>
    </ClInclude>
    <ClInclude Include="..\..\src\Synet\Layers\WhereLayer.h">
      <Filter>Layers</Filter>
    </ClInclude>
    <ClInclude Include="..\..\src\Synet\Decoders\Iim.h">
      <Filter>Decoders</Filter>
    </ClInclude>
    <ClInclude Include="..\..\src\Synet\Layers\GridSampleLayer.h">
      <Filter>Layers</Filter>
    </ClInclude>
    <ClInclude Include="..\..\src\Synet\Utils\Shape.h">
      <Filter>Utils</Filter>
    </ClInclude>
    <ClInclude Include="..\..\src\Synet\Utils\Scale.h">
      <Filter>Utils</Filter>
    </ClInclude>
    <ClInclude Include="..\..\src\Synet\Decoders\YoloV8.h">
      <Filter>Decoders</Filter>
    </ClInclude>
    <ClInclude Include="..\..\src\Synet\Layers\NonZeroLayer.h">
      <Filter>Layers</Filter>
    </ClInclude>
    <ClInclude Include="..\..\src\Synet\Layers\ScaledDotProductAttentionLayer.h">
      <Filter>Layers</Filter>
    </ClInclude>
    <ClInclude Include="..\..\src\Synet\Utils\Permute.h">
      <Filter>Utils</Filter>
    </ClInclude>
    <ClInclude Include="..\..\src\Synet\Layers\MulLayer.h">
      <Filter>Layers</Filter>
    </ClInclude>
    <ClInclude Include="..\..\src\Synet\Decoders\Rtdetr.h">
      <Filter>Decoders</Filter>
    </ClInclude>
    <ClInclude Include="..\..\src\Synet\Decoders\DetOut.h">
      <Filter>Decoders</Filter>
    </ClInclude>
    <ClInclude Include="..\..\src\Synet\Decoders\Yolo.h">
      <Filter>Decoders</Filter>
    </ClInclude>
    <ClInclude Include="..\..\src\Synet\Decoders\Scrfd.h">
      <Filter>Decoders</Filter>
    </ClInclude>
    <ClInclude Include="..\..\src\Synet\Decoders\RtdetrV2.h">
      <Filter>Decoders</Filter>
    </ClInclude>
    <ClInclude Include="..\..\src\Synet\Layers\Convolution16bLayer.h">
      <Filter>Layers</Filter>
    </ClInclude>
    <ClInclude Include="..\..\src\Synet\Layers\MergedConvolution16bLayer.h">
      <Filter>Layers</Filter>
    </ClInclude>
    <ClInclude Include="..\..\src\Synet\Layers\InnerProduct8iLayer.h">
      <Filter>Layers</Filter>
    </ClInclude>
    <ClInclude Include="..\..\src\Synet\Layers\InnerProduct16bLayer.h">
      <Filter>Layers</Filter>
    </ClInclude>
    <ClInclude Include="..\..\src\Synet\Layers\InnerProduct32fLayer.h">
      <Filter>Layers</Filter>
    </ClInclude>
    <ClInclude Include="..\..\src\Synet\Decoders\Alpha.h">
      <Filter>Decoders</Filter>
    </ClInclude>
    <ClInclude Include="..\..\src\Synet\Utils\Add.h">
      <Filter>Utils</Filter>
    </ClInclude>
    <ClInclude Include="..\..\src\Synet\Layers\TiledScale2DLayer.h">
      <Filter>Layers</Filter>
    </ClInclude>
    <ClInclude Include="..\..\src\Synet\Layers\Legacy\BroadcastLayer.h">
      <Filter>Layers\Legacy</Filter>
    </ClInclude>
    <ClInclude Include="..\..\src\Synet\Layers\Legacy\LrnLayer.h">
      <Filter>Layers\Legacy</Filter>
    </ClInclude>
    <ClInclude Include="..\..\src\Synet\Layers\Legacy\FusedLayer.h">
      <Filter>Layers\Legacy</Filter>
    </ClInclude>
    <ClInclude Include="..\..\src\Synet\Layers\Legacy\RegionLayer.h">
      <Filter>Layers\Legacy</Filter>
    </ClInclude>
    <ClInclude Include="..\..\src\Synet\Layers\Legacy\ReorgLayer.h">
      <Filter>Layers\Legacy</Filter>
    </ClInclude>
    <ClInclude Include="..\..\src\Synet\Layers\Legacy\SwitchLayer.h">
      <Filter>Layers\Legacy</Filter>
    </ClInclude>
    <ClInclude Include="..\..\src\Synet\Layers\Legacy\UpsampleLayer.h">
      <Filter>Layers\Legacy</Filter>
    </ClInclude>
    <ClInclude Include="..\..\src\Synet\Layers\Deconvolution16bLayer.h">
      <Filter>Layers</Filter>
    </ClInclude>
    <ClInclude Include="..\..\src\Synet\Layers\Deconvolution32fLayer.h">
      <Filter>Layers</Filter>
    </ClInclude>
    <ClInclude Include="..\..\src\Synet\Converters\Bf16OptSetter.h">
      <Filter>Converters</Filter>
    </ClInclude>
    <ClInclude Include="..\..\src\Synet\Decoders\Region.h">
      <Filter>Decoders</Filter>
    </ClInclude>
    <ClInclude Include="..\..\src\Synet\Utils\UniversalBinary.h">
      <Filter>Utils</Filter>
    </ClInclude>
    <ClInclude Include="..\..\src\Synet\Layers\Quantized\QuantizeLinearLayer.h">
      <Filter>Layers\Quantized</Filter>
    </ClInclude>
    <ClInclude Include="..\..\src\Synet\Layers\Quantized\DequantizeLinearLayer.h">
      <Filter>Layers\Quantized</Filter>
    </ClInclude>
    <ClInclude Include="..\..\src\Synet\Layers\Quantized\QuantizedConvolutionLayer.h">
      <Filter>Layers\Quantized</Filter>
    </ClInclude>
    <ClInclude Include="..\..\src\Synet\Layers\Quantized\QuantizedInnerProductLayer.h">
      <Filter>Layers\Quantized</Filter>
    </ClInclude>
  </ItemGroup>
  <ItemGroup>
    <Filter Include="Layers">
      <UniqueIdentifier>{2b236438-b274-4f2f-a02b-72175df7cd1a}</UniqueIdentifier>
    </Filter>
    <Filter Include="Converters">
      <UniqueIdentifier>{3b086818-329c-4b6e-81ca-035978ca699d}</UniqueIdentifier>
    </Filter>
    <Filter Include="Utils">
      <UniqueIdentifier>{36aa89bf-afc4-4b67-8db6-28ef952a4fc5}</UniqueIdentifier>
    </Filter>
    <Filter Include="Quantization">
      <UniqueIdentifier>{c7c3059c-3256-4387-ae02-ea14ca8acc63}</UniqueIdentifier>
    </Filter>
    <Filter Include="Decoders">
      <UniqueIdentifier>{6d46924f-0c58-45c2-af95-c6bca4f4bf1b}</UniqueIdentifier>
    </Filter>
    <Filter Include="Cpl">
      <UniqueIdentifier>{61106982-3cf0-4d97-94af-941102a58b36}</UniqueIdentifier>
    </Filter>
    <Filter Include="Layers\Legacy">
      <UniqueIdentifier>{bd4270e8-bca4-4558-be00-ce82d571c796}</UniqueIdentifier>
    </Filter>
    <Filter Include="Layers\Quantized">
      <UniqueIdentifier>{eab212be-fd12-4eec-900c-8df9283378a6}</UniqueIdentifier>
    </Filter>
  </ItemGroup>
</Project>